// !$*UTF8*$!
{
	archiveVersion = 1;
	classes = {
	};
	objectVersion = 46;
	objects = {

/* Begin PBXAggregateTarget section */
		741F4B144DF14CFBA88B859E /* ALL_BUILD */ = {
			isa = PBXAggregateTarget;
			buildConfigurationList = 3BC409174E1B4FA299F2F47D /* Build configuration list for PBXAggregateTarget "ALL_BUILD" */;
			buildPhases = (
				7C77A1B6613A4FB883BD56B7 /* Generate CMakeFiles/ALL_BUILD */,
			);
			dependencies = (
				80FB644B1C9F4FAE86D0B600 /* PBXTargetDependency */,
				0677854FFDC347ECAABA34EE /* PBXTargetDependency */,
				2F88BDD711D74B8C99F24735 /* PBXTargetDependency */,
			);
			name = ALL_BUILD;
			productName = ALL_BUILD;
		};
		FE7D78D6787F4F45B61ADC2F /* ZERO_CHECK */ = {
			isa = PBXAggregateTarget;
			buildConfigurationList = 9A57109E0AF142B187135B4C /* Build configuration list for PBXAggregateTarget "ZERO_CHECK" */;
			buildPhases = (
				5BB5D13A6FD7492E9A494208 /* Generate CMakeFiles/ZERO_CHECK */,
			);
			dependencies = (
			);
			name = ZERO_CHECK;
			productName = ZERO_CHECK;
		};
/* End PBXAggregateTarget section */

/* Begin PBXBuildFile section */
		2E5E5A1C4C5C4FE68ED8C3DB /* /Users/apple/Desktop/PRALG/zipimage/CMakeLists.txt */ = {isa = PBXBuildFile; fileRef = D990BDBE4A604944B426AC71 /* /Users/apple/Desktop/PRALG/zipimage/CMakeLists.txt */; };
		385BE0BD26C74F3BB2CBF537 /* /Users/apple/Desktop/PRALG/zipimage/quadtree/quadtree.h */ = {isa = PBXBuildFile; fileRef = B9AB0B761CEB4FA89F598D77 /* /Users/apple/Desktop/PRALG/zipimage/quadtree/quadtree.h */; };
		5D653872E7974F29B6F1FC96 /* /Users/apple/Desktop/PRALG/zipimage/quadtree/quadtree.h */ = {isa = PBXBuildFile; fileRef = 6B883976AA41477F9027AEEE /* /Users/apple/Desktop/PRALG/zipimage/quadtree/quadtree.h */; };
		A263BD8B1B984D008788D2E8 /* /Users/apple/Desktop/PRALG/zipimage/CMakeLists.txt */ = {isa = PBXBuildFile; fileRef = 51544B92DE4E415E93A7B120 /* /Users/apple/Desktop/PRALG/zipimage/CMakeLists.txt */; };
		E909AB0CC21E4D7182B46A28 /* /Users/apple/Desktop/PRALG/zipimage/quadtree/example.cpp */ = {isa = PBXBuildFile; fileRef = 243E278C39E9476EB7478E3D /* /Users/apple/Desktop/PRALG/zipimage/quadtree/example.cpp */; };
		FCC75D7D2B5E4616AC84F2DB /* /Users/apple/Desktop/PRALG/zipimage/main.cpp */ = {isa = PBXBuildFile; fileRef = 63D0D524F33045B5BDA3F56A /* /Users/apple/Desktop/PRALG/zipimage/main.cpp */; };
/* End PBXBuildFile section */

/* Begin PBXBuildStyle section */
		447F8C39A6E84D2F87AC17F8 /* MinSizeRel */ = {
			isa = PBXBuildStyle;
			buildSettings = {
				COPY_PHASE_STRIP = NO;
			};
			name = MinSizeRel;
		};
		A299A8B056A54BB2A035DD8A /* RelWithDebInfo */ = {
			isa = PBXBuildStyle;
			buildSettings = {
				COPY_PHASE_STRIP = NO;
			};
			name = RelWithDebInfo;
		};
		D253F9AEDE9B4B8E817DCFBD /* Release */ = {
			isa = PBXBuildStyle;
			buildSettings = {
				COPY_PHASE_STRIP = NO;
			};
			name = Release;
		};
		DF3DED4005934DA897F52FBC /* Debug */ = {
			isa = PBXBuildStyle;
			buildSettings = {
				COPY_PHASE_STRIP = NO;
			};
			name = Debug;
		};
/* End PBXBuildStyle section */

/* Begin PBXContainerItemProxy section */
		5073DECC6DA547FE855FEBAA /* PBXContainerItemProxy */ = {
			isa = PBXContainerItemProxy;
			containerPortal = 5F908CBDF8D24058A62A3B76 /* Project object */;
			proxyType = 1;
			remoteGlobalIDString = FE7D78D6787F4F45B61ADC2F;
			remoteInfo = ZERO_CHECK;
		};
		5F0CEA567ECD456AA3ABA3AE /* PBXContainerItemProxy */ = {
			isa = PBXContainerItemProxy;
			containerPortal = 5F908CBDF8D24058A62A3B76 /* Project object */;
			proxyType = 1;
			remoteGlobalIDString = FE7D78D6787F4F45B61ADC2F;
			remoteInfo = ZERO_CHECK;
		};
		5FBF76946C834FF1A1E29338 /* PBXContainerItemProxy */ = {
			isa = PBXContainerItemProxy;
			containerPortal = 5F908CBDF8D24058A62A3B76 /* Project object */;
			proxyType = 1;
			remoteGlobalIDString = 53814EDE441E4E8DA2C502FF;
			remoteInfo = test_quadtree;
		};
		86917446377744E8B4DF8418 /* PBXContainerItemProxy */ = {
			isa = PBXContainerItemProxy;
			containerPortal = 5F908CBDF8D24058A62A3B76 /* Project object */;
			proxyType = 1;
			remoteGlobalIDString = C011A1F4EC6948C1AFFC479F;
			remoteInfo = zipimage;
		};
		E7478DFEDE614640B135FF41 /* PBXContainerItemProxy */ = {
			isa = PBXContainerItemProxy;
			containerPortal = 5F908CBDF8D24058A62A3B76 /* Project object */;
			proxyType = 1;
			remoteGlobalIDString = FE7D78D6787F4F45B61ADC2F;
			remoteInfo = ZERO_CHECK;
		};
/* End PBXContainerItemProxy section */

/* Begin PBXFileReference section */
		243E278C39E9476EB7478E3D /* /Users/apple/Desktop/PRALG/zipimage/quadtree/example.cpp */ = {isa = PBXFileReference; explicitFileType = sourcecode.cpp.cpp; fileEncoding = 4; name = example.cpp; path = quadtree/example.cpp; sourceTree = SOURCE_ROOT; };
		51544B92DE4E415E93A7B120 /* /Users/apple/Desktop/PRALG/zipimage/CMakeLists.txt */ = {isa = PBXFileReference; explicitFileType = sourcecode.text; fileEncoding = 4; name = CMakeLists.txt; path = CMakeLists.txt; sourceTree = SOURCE_ROOT; };
		54047DFD2A84432882C58B8E /* zipimage */ = {isa = PBXFileReference; explicitFileType = "compiled.mach-o.executable"; path = zipimage; sourceTree = BUILT_PRODUCTS_DIR; };
		611E90DBAB144442AEB0712A /* test_quadtree */ = {isa = PBXFileReference; explicitFileType = "compiled.mach-o.executable"; path = test_quadtree; sourceTree = BUILT_PRODUCTS_DIR; };
		63D0D524F33045B5BDA3F56A /* /Users/apple/Desktop/PRALG/zipimage/main.cpp */ = {isa = PBXFileReference; explicitFileType = sourcecode.cpp.cpp; fileEncoding = 4; name = main.cpp; path = main.cpp; sourceTree = SOURCE_ROOT; };
		6B883976AA41477F9027AEEE /* /Users/apple/Desktop/PRALG/zipimage/quadtree/quadtree.h */ = {isa = PBXFileReference; explicitFileType = sourcecode.c.h; fileEncoding = 4; name = quadtree.h; path = quadtree/quadtree.h; sourceTree = SOURCE_ROOT; };
		B9AB0B761CEB4FA89F598D77 /* /Users/apple/Desktop/PRALG/zipimage/quadtree/quadtree.h */ = {isa = PBXFileReference; explicitFileType = sourcecode.c.h; fileEncoding = 4; name = quadtree.h; path = quadtree/quadtree.h; sourceTree = SOURCE_ROOT; };
		D990BDBE4A604944B426AC71 /* /Users/apple/Desktop/PRALG/zipimage/CMakeLists.txt */ = {isa = PBXFileReference; explicitFileType = sourcecode.text; fileEncoding = 4; name = CMakeLists.txt; path = CMakeLists.txt; sourceTree = SOURCE_ROOT; };
		F7DB1902D99540C98C847FFD /* /Users/apple/Desktop/PRALG/zipimage/CMakeLists.txt */ = {isa = PBXFileReference; explicitFileType = sourcecode.text; fileEncoding = 4; name = CMakeLists.txt; path = CMakeLists.txt; sourceTree = SOURCE_ROOT; };
/* End PBXFileReference section */

/* Begin PBXFrameworksBuildPhase section */
		383CD18846FD4AF8866FA42D /* Frameworks */ = {
			isa = PBXFrameworksBuildPhase;
			buildActionMask = 2147483647;
			files = (
			);
			runOnlyForDeploymentPostprocessing = 0;
		};
		FB77F10680444C81BC26C018 /* Frameworks */ = {
			isa = PBXFrameworksBuildPhase;
			buildActionMask = 2147483647;
			files = (
			);
			runOnlyForDeploymentPostprocessing = 0;
		};
/* End PBXFrameworksBuildPhase section */

/* Begin PBXGroup section */
		080D7C2ED0424D1D9D19C6F3 /* Source Files */ = {
			isa = PBXGroup;
			children = (
				243E278C39E9476EB7478E3D /* /Users/apple/Desktop/PRALG/zipimage/quadtree/example.cpp */,
			);
			name = "Source Files";
			sourceTree = "<group>";
		};
		4A98F40C675F48CB9A87A447 /* zipimage */ = {
			isa = PBXGroup;
			children = (
				8DFAD940675C42079E60D1E5 /* Source Files */,
				70865C08DE4C4CB490D7D7BB /* Header Files */,
				51544B92DE4E415E93A7B120 /* /Users/apple/Desktop/PRALG/zipimage/CMakeLists.txt */,
			);
			name = zipimage;
			sourceTree = "<group>";
		};
		58F09C4D919D4C829D07EC20 /* Frameworks */ = {
			isa = PBXGroup;
			children = (
			);
			name = Frameworks;
			sourceTree = "<group>";
		};
		644FFDA0112B475E80797850 /* Products */ = {
			isa = PBXGroup;
			children = (
				611E90DBAB144442AEB0712A /* test_quadtree */,
				54047DFD2A84432882C58B8E /* zipimage */,
			);
			name = Products;
			sourceTree = "<group>";
		};
		70865C08DE4C4CB490D7D7BB /* Header Files */ = {
			isa = PBXGroup;
			children = (
				B9AB0B761CEB4FA89F598D77 /* /Users/apple/Desktop/PRALG/zipimage/quadtree/quadtree.h */,
			);
			name = "Header Files";
			sourceTree = "<group>";
		};
		876C4840B93B4B62B7C46250 /* CMake Rules */ = {
			isa = PBXGroup;
			children = (
			);
			name = "CMake Rules";
			sourceTree = "<group>";
		};
		8DFAD940675C42079E60D1E5 /* Source Files */ = {
			isa = PBXGroup;
			children = (
				63D0D524F33045B5BDA3F56A /* /Users/apple/Desktop/PRALG/zipimage/main.cpp */,
			);
			name = "Source Files";
			sourceTree = "<group>";
		};
		920BBD6A41084590B811E76D /* Header Files */ = {
			isa = PBXGroup;
			children = (
				6B883976AA41477F9027AEEE /* /Users/apple/Desktop/PRALG/zipimage/quadtree/quadtree.h */,
			);
			name = "Header Files";
			sourceTree = "<group>";
		};
		9D274512D9644C47BC39AB9C /* ALL_BUILD */ = {
			isa = PBXGroup;
			children = (
				876C4840B93B4B62B7C46250 /* CMake Rules */,
				F7DB1902D99540C98C847FFD /* /Users/apple/Desktop/PRALG/zipimage/CMakeLists.txt */,
			);
			name = ALL_BUILD;
			sourceTree = "<group>";
		};
		BA3B4A1D260A479A835EB61E = {
			isa = PBXGroup;
			children = (
				4A98F40C675F48CB9A87A447 /* zipimage */,
				DE55BAC0F32D4165806B8AB6 /* test_quadtree */,
				9D274512D9644C47BC39AB9C /* ALL_BUILD */,
				644FFDA0112B475E80797850 /* Products */,
				58F09C4D919D4C829D07EC20 /* Frameworks */,
			);
			sourceTree = "<group>";
		};
		DE55BAC0F32D4165806B8AB6 /* test_quadtree */ = {
			isa = PBXGroup;
			children = (
				080D7C2ED0424D1D9D19C6F3 /* Source Files */,
				920BBD6A41084590B811E76D /* Header Files */,
				D990BDBE4A604944B426AC71 /* /Users/apple/Desktop/PRALG/zipimage/CMakeLists.txt */,
			);
			name = test_quadtree;
			sourceTree = "<group>";
		};
/* End PBXGroup section */

/* Begin PBXNativeTarget section */
		53814EDE441E4E8DA2C502FF /* test_quadtree */ = {
			isa = PBXNativeTarget;
			buildConfigurationList = 4D0BA55653CD494BBD60E051 /* Build configuration list for PBXNativeTarget "test_quadtree" */;
			buildPhases = (
				69A57A9201DA41E5B9E1F69F /* Sources */,
				FB77F10680444C81BC26C018 /* Frameworks */,
			);
			buildRules = (
			);
			dependencies = (
				1CE2DAF1DB5748A3880805BE /* PBXTargetDependency */,
			);
			name = test_quadtree;
			productName = test_quadtree;
			productReference = 611E90DBAB144442AEB0712A /* test_quadtree */;
			productType = "com.apple.product-type.tool";
		};
		C011A1F4EC6948C1AFFC479F /* zipimage */ = {
			isa = PBXNativeTarget;
			buildConfigurationList = 3876EFD8103F471F81489BD2 /* Build configuration list for PBXNativeTarget "zipimage" */;
			buildPhases = (
				360321B01BC2468F969A3C64 /* Sources */,
				383CD18846FD4AF8866FA42D /* Frameworks */,
			);
			buildRules = (
			);
			dependencies = (
				F1F7332D7D3A48CDA216DFBA /* PBXTargetDependency */,
			);
			name = zipimage;
			productName = zipimage;
			productReference = 54047DFD2A84432882C58B8E /* zipimage */;
			productType = "com.apple.product-type.tool";
		};
/* End PBXNativeTarget section */

/* Begin PBXProject section */
		5F908CBDF8D24058A62A3B76 /* Project object */ = {
			isa = PBXProject;
			attributes = {
				BuildIndependentTargetsInParallel = YES;
				LastUpgradeCheck = 1210;
			};
			buildConfigurationList = 6A8779A7EC604166AD94443D /* Build configuration list for PBXProject "ZipImage" */;
			buildSettings = {
			};
			buildStyles = (
				DF3DED4005934DA897F52FBC /* Debug */,
				D253F9AEDE9B4B8E817DCFBD /* Release */,
				447F8C39A6E84D2F87AC17F8 /* MinSizeRel */,
				A299A8B056A54BB2A035DD8A /* RelWithDebInfo */,
			);
			compatibilityVersion = "Xcode 3.2";
			hasScannedForEncodings = 0;
			mainGroup = BA3B4A1D260A479A835EB61E;
			projectDirPath = .;
			projectRoot = "";
			targets = (
				741F4B144DF14CFBA88B859E /* ALL_BUILD */,
				FE7D78D6787F4F45B61ADC2F /* ZERO_CHECK */,
				53814EDE441E4E8DA2C502FF /* test_quadtree */,
				C011A1F4EC6948C1AFFC479F /* zipimage */,
			);
		};
/* End PBXProject section */

/* Begin PBXShellScriptBuildPhase section */
		340DFE9405514CDC82875DC2 = {
			isa = PBXShellScriptBuildPhase;
			buildActionMask = 2147483647;
			files = (
			);
			inputPaths = (
			);
			outputPaths = (
			);
			runOnlyForDeploymentPostprocessing = 0;
			shellPath = /bin/sh;
			shellScript = "# shell script goes here
exit 0";
			showEnvVarsInLog = 0;
		};
		5BB5D13A6FD7492E9A494208 /* Generate CMakeFiles/ZERO_CHECK */ = {
			isa = PBXShellScriptBuildPhase;
			alwaysOutOfDate = 1;
			buildActionMask = 2147483647;
			files = (
			);
			inputPaths = (
			);
			name = "Generate CMakeFiles/ZERO_CHECK";
			outputPaths = (
/Users/apple/Desktop/PRALG/zipimage/CMakeFiles/ZERO_CHECK			);
			runOnlyForDeploymentPostprocessing = 0;
			shellPath = /bin/sh;
			shellScript = "set -e
if test \"$CONFIGURATION\" = \"Debug\"; then :
  cd /Users/apple/Desktop/PRALG/zipimage
  make -f /Users/apple/Desktop/PRALG/zipimage/CMakeScripts/ReRunCMake.make
fi
if test \"$CONFIGURATION\" = \"Release\"; then :
  cd /Users/apple/Desktop/PRALG/zipimage
  make -f /Users/apple/Desktop/PRALG/zipimage/CMakeScripts/ReRunCMake.make
fi
if test \"$CONFIGURATION\" = \"MinSizeRel\"; then :
  cd /Users/apple/Desktop/PRALG/zipimage
  make -f /Users/apple/Desktop/PRALG/zipimage/CMakeScripts/ReRunCMake.make
fi
if test \"$CONFIGURATION\" = \"RelWithDebInfo\"; then :
  cd /Users/apple/Desktop/PRALG/zipimage
  make -f /Users/apple/Desktop/PRALG/zipimage/CMakeScripts/ReRunCMake.make
fi
";
			showEnvVarsInLog = 0;
		};
		7C77A1B6613A4FB883BD56B7 /* Generate CMakeFiles/ALL_BUILD */ = {
			isa = PBXShellScriptBuildPhase;
			alwaysOutOfDate = 1;
			buildActionMask = 2147483647;
			files = (
			);
			inputPaths = (
			);
			name = "Generate CMakeFiles/ALL_BUILD";
			outputPaths = (
/Users/apple/Desktop/PRALG/zipimage/CMakeFiles/ALL_BUILD			);
			runOnlyForDeploymentPostprocessing = 0;
			shellPath = /bin/sh;
			shellScript = "set -e
if test \"$CONFIGURATION\" = \"Debug\"; then :
  cd /Users/apple/Desktop/PRALG/zipimage
  echo Build\\ all\\ projects
fi
if test \"$CONFIGURATION\" = \"Release\"; then :
  cd /Users/apple/Desktop/PRALG/zipimage
  echo Build\\ all\\ projects
fi
if test \"$CONFIGURATION\" = \"MinSizeRel\"; then :
  cd /Users/apple/Desktop/PRALG/zipimage
  echo Build\\ all\\ projects
fi
if test \"$CONFIGURATION\" = \"RelWithDebInfo\"; then :
  cd /Users/apple/Desktop/PRALG/zipimage
  echo Build\\ all\\ projects
fi
";
			showEnvVarsInLog = 0;
		};
		7E4E1B3E1A5547B6842919B1 = {
			isa = PBXShellScriptBuildPhase;
			buildActionMask = 2147483647;
			files = (
			);
			inputPaths = (
			);
			outputPaths = (
			);
			runOnlyForDeploymentPostprocessing = 0;
			shellPath = /bin/sh;
			shellScript = "# shell script goes here
exit 0";
			showEnvVarsInLog = 0;
		};
/* End PBXShellScriptBuildPhase section */

/* Begin PBXSourcesBuildPhase section */
		360321B01BC2468F969A3C64 /* Sources */ = {
			isa = PBXSourcesBuildPhase;
			buildActionMask = 2147483647;
			files = (
				FCC75D7D2B5E4616AC84F2DB /* /Users/apple/Desktop/PRALG/zipimage/main.cpp */,
			);
			runOnlyForDeploymentPostprocessing = 0;
		};
		69A57A9201DA41E5B9E1F69F /* Sources */ = {
			isa = PBXSourcesBuildPhase;
			buildActionMask = 2147483647;
			files = (
				E909AB0CC21E4D7182B46A28 /* /Users/apple/Desktop/PRALG/zipimage/quadtree/example.cpp */,
			);
			runOnlyForDeploymentPostprocessing = 0;
		};
/* End PBXSourcesBuildPhase section */

/* Begin PBXTargetDependency section */
		0677854FFDC347ECAABA34EE /* PBXTargetDependency */ = {
			isa = PBXTargetDependency;
			target = 53814EDE441E4E8DA2C502FF /* test_quadtree */;
			targetProxy = 5FBF76946C834FF1A1E29338 /* PBXContainerItemProxy */;
		};
		1CE2DAF1DB5748A3880805BE /* PBXTargetDependency */ = {
			isa = PBXTargetDependency;
			target = FE7D78D6787F4F45B61ADC2F /* ZERO_CHECK */;
			targetProxy = 5F0CEA567ECD456AA3ABA3AE /* PBXContainerItemProxy */;
		};
		2F88BDD711D74B8C99F24735 /* PBXTargetDependency */ = {
			isa = PBXTargetDependency;
			target = FE7D78D6787F4F45B61ADC2F /* ZERO_CHECK */;
			targetProxy = E7478DFEDE614640B135FF41 /* PBXContainerItemProxy */;
		};
		80FB644B1C9F4FAE86D0B600 /* PBXTargetDependency */ = {
			isa = PBXTargetDependency;
			target = C011A1F4EC6948C1AFFC479F /* zipimage */;
			targetProxy = 86917446377744E8B4DF8418 /* PBXContainerItemProxy */;
		};
		F1F7332D7D3A48CDA216DFBA /* PBXTargetDependency */ = {
			isa = PBXTargetDependency;
			target = FE7D78D6787F4F45B61ADC2F /* ZERO_CHECK */;
			targetProxy = 5073DECC6DA547FE855FEBAA /* PBXContainerItemProxy */;
		};
/* End PBXTargetDependency section */

/* Begin XCBuildConfiguration section */
		22A4E42B35034EF6AEEB5EA2 /* RelWithDebInfo */ = {
			isa = XCBuildConfiguration;
			buildSettings = {
				COMBINE_HIDPI_IMAGES = YES;
				EXECUTABLE_PREFIX = "";
				EXECUTABLE_SUFFIX = "";
				FRAMEWORK_SEARCH_PATHS = (/Users/apple/Qt/5.12.9/clang_64/lib,/Applications/Xcode.app/Contents/Developer/Platforms/MacOSX.platform/Developer/SDKs/MacOSX10.15.sdk/System/Library/Frameworks);
				GCC_GENERATE_DEBUGGING_SYMBOLS = YES;
				GCC_INLINES_ARE_PRIVATE_EXTERN = NO;
				GCC_OPTIMIZATION_LEVEL = 2;
				GCC_PREPROCESSOR_DEFINITIONS = ("'CMAKE_INTDIR=\"$(CONFIGURATION)$(EFFECTIVE_PLATFORM_NAME)\"'");
				GCC_SYMBOLS_PRIVATE_EXTERN = NO;
				HEADER_SEARCH_PATHS = (/Library/Frameworks/Imagine.framework/Versions/Current/Resources/include,/Users/apple/Qt/5.12.9/clang_64/lib/QtCore.framework/Headers,"/Users/apple/Qt/5.12.9/clang_64/./mkspecs/macx-clang",/Users/apple/Qt/5.12.9/clang_64/lib/QtWidgets.framework/Headers,/Users/apple/Qt/5.12.9/clang_64/lib/QtGui.framework/Headers,/Applications/Xcode.app/Contents/Developer/Platforms/MacOSX.platform/Developer/SDKs/MacOSX10.15.sdk/System/Library/Frameworks/OpenGL.framework/Headers,/Users/apple/Qt/5.12.9/clang_64/lib/QtOpenGL.framework/Headers);
				INSTALL_PATH = "";
				LIBRARY_SEARCH_PATHS = ();
				OTHER_CPLUSPLUSFLAGS = "       -DNDEBUG ";
				OTHER_LDFLAGS = (" -Wl,-search_paths_first -Wl,-headerpad_max_install_names");
				OTHER_REZFLAGS = "";
				PRODUCT_NAME = test_quadtree;
				SECTORDER_FLAGS = "";
				SYMROOT = /Users/apple/Desktop/PRALG/zipimage;
				USE_HEADERMAP = NO;
				WARNING_CFLAGS = ("$(inherited)");
			};
			name = RelWithDebInfo;
		};
		23D9A85A64F047088B3FFD13 /* Release */ = {
			isa = XCBuildConfiguration;
			buildSettings = {
				ARCHS = "$(NATIVE_ARCH_ACTUAL)";
				ONLY_ACTIVE_ARCH = YES;
				SDKROOT = /Applications/Xcode.app/Contents/Developer/Platforms/MacOSX.platform/Developer/SDKs/MacOSX10.15.sdk;
				SYMROOT = /Users/apple/Desktop/PRALG/zipimage/build;
			};
			name = Release;
		};
		3043AED070FC4994BCFAAB37 /* Debug */ = {
			isa = XCBuildConfiguration;
			buildSettings = {
				COMBINE_HIDPI_IMAGES = YES;
				GCC_GENERATE_DEBUGGING_SYMBOLS = YES;
				GCC_INLINES_ARE_PRIVATE_EXTERN = NO;
				GCC_OPTIMIZATION_LEVEL = 0;
				GCC_PREPROCESSOR_DEFINITIONS = ("'CMAKE_INTDIR=\"$(CONFIGURATION)$(EFFECTIVE_PLATFORM_NAME)\"'");
				GCC_SYMBOLS_PRIVATE_EXTERN = NO;
				INSTALL_PATH = "";
				OTHER_LDFLAGS = ("");
				OTHER_REZFLAGS = "";
				PRODUCT_NAME = ZERO_CHECK;
				SECTORDER_FLAGS = "";
				SYMROOT = /Users/apple/Desktop/PRALG/zipimage;
				USE_HEADERMAP = NO;
				WARNING_CFLAGS = ("$(inherited)");
			};
			name = Debug;
		};
		41FF9531A6EC42C5A3B8F7C7 /* MinSizeRel */ = {
			isa = XCBuildConfiguration;
			buildSettings = {
				COMBINE_HIDPI_IMAGES = YES;
				EXECUTABLE_PREFIX = "";
				EXECUTABLE_SUFFIX = "";
				FRAMEWORK_SEARCH_PATHS = (/Applications/Xcode.app/Contents/Developer/Platforms/MacOSX.platform/Developer/SDKs/MacOSX10.15.sdk/System/Library/Frameworks,/Users/apple/Qt/5.12.9/clang_64/lib);
				GCC_GENERATE_DEBUGGING_SYMBOLS = NO;
				GCC_INLINES_ARE_PRIVATE_EXTERN = NO;
				GCC_OPTIMIZATION_LEVEL = s;
				GCC_PREPROCESSOR_DEFINITIONS = ("'CMAKE_INTDIR=\"$(CONFIGURATION)$(EFFECTIVE_PLATFORM_NAME)\"'",QT_CORE_LIB,QT_NO_DEBUG,QT_WIDGETS_LIB,QT_GUI_LIB,QT_OPENGL_LIB);
				GCC_SYMBOLS_PRIVATE_EXTERN = NO;
				HEADER_SEARCH_PATHS = (/Library/Frameworks/Imagine.framework/Versions/Current/Resources/include);
				INSTALL_PATH = "";
				LD_RUNPATH_SEARCH_PATHS = /Users/apple/Qt/5.12.9/clang_64/lib;
				LIBRARY_SEARCH_PATHS = ();
				OTHER_CPLUSPLUSFLAGS = "    -DNDEBUG -DSRCDIR=\"/Users/apple/Desktop/PRALG/zipimage\" -fPIC '-std=gnu++11' ";
				OTHER_LDFLAGS = ("-L\"/Library/Frameworks/Imagine.framework/Versions/Current/Resources/lib\" -Wl,-search_paths_first -Wl,-headerpad_max_install_names","-lImagineGraphics","-F /Users/apple/Qt/5.12.9/clang_64/lib","-framework QtOpenGL","-F /Applications/Xcode.app/Contents/Developer/Platforms/MacOSX.platform/Developer/SDKs/MacOSX10.15.sdk/System/Library/Frameworks","-framework OpenGL","-F /Applications/Xcode.app/Contents/Developer/Platforms/MacOSX.platform/Developer/SDKs/MacOSX10.15.sdk/System/Library/Frameworks","-framework OpenGL","-F /Users/apple/Qt/5.12.9/clang_64/lib","-framework QtWidgets","-F /Users/apple/Qt/5.12.9/clang_64/lib","-framework QtGui","-F /Users/apple/Qt/5.12.9/clang_64/lib","-framework QtCore");
				OTHER_REZFLAGS = "";
				PRODUCT_NAME = zipimage;
				SECTORDER_FLAGS = "";
				SYMROOT = /Users/apple/Desktop/PRALG/zipimage;
				SYSTEM_HEADER_SEARCH_PATHS = (/Users/apple/Qt/5.12.9/clang_64/lib/QtCore.framework/Headers,"/Users/apple/Qt/5.12.9/clang_64/./mkspecs/macx-clang",/Users/apple/Qt/5.12.9/clang_64/lib/QtWidgets.framework/Headers,/Users/apple/Qt/5.12.9/clang_64/lib/QtGui.framework/Headers,/Applications/Xcode.app/Contents/Developer/Platforms/MacOSX.platform/Developer/SDKs/MacOSX10.15.sdk/System/Library/Frameworks/OpenGL.framework/Headers,/Users/apple/Qt/5.12.9/clang_64/lib/QtOpenGL.framework/Headers);
				USE_HEADERMAP = NO;
				WARNING_CFLAGS = ("$(inherited)");
			};
			name = MinSizeRel;
		};
		6586CFB4D51F4F9FB77234FC /* MinSizeRel */ = {
			isa = XCBuildConfiguration;
			buildSettings = {
				COMBINE_HIDPI_IMAGES = YES;
				EXECUTABLE_PREFIX = "";
				EXECUTABLE_SUFFIX = "";
				FRAMEWORK_SEARCH_PATHS = (/Users/apple/Qt/5.12.9/clang_64/lib,/Applications/Xcode.app/Contents/Developer/Platforms/MacOSX.platform/Developer/SDKs/MacOSX10.15.sdk/System/Library/Frameworks);
				GCC_GENERATE_DEBUGGING_SYMBOLS = NO;
				GCC_INLINES_ARE_PRIVATE_EXTERN = NO;
				GCC_OPTIMIZATION_LEVEL = s;
				GCC_PREPROCESSOR_DEFINITIONS = ("'CMAKE_INTDIR=\"$(CONFIGURATION)$(EFFECTIVE_PLATFORM_NAME)\"'");
				GCC_SYMBOLS_PRIVATE_EXTERN = NO;
				HEADER_SEARCH_PATHS = (/Library/Frameworks/Imagine.framework/Versions/Current/Resources/include,/Users/apple/Qt/5.12.9/clang_64/lib/QtCore.framework/Headers,"/Users/apple/Qt/5.12.9/clang_64/./mkspecs/macx-clang",/Users/apple/Qt/5.12.9/clang_64/lib/QtWidgets.framework/Headers,/Users/apple/Qt/5.12.9/clang_64/lib/QtGui.framework/Headers,/Applications/Xcode.app/Contents/Developer/Platforms/MacOSX.platform/Developer/SDKs/MacOSX10.15.sdk/System/Library/Frameworks/OpenGL.framework/Headers,/Users/apple/Qt/5.12.9/clang_64/lib/QtOpenGL.framework/Headers);
				INSTALL_PATH = "";
				LIBRARY_SEARCH_PATHS = ();
				OTHER_CPLUSPLUSFLAGS = "    -DNDEBUG ";
				OTHER_LDFLAGS = (" -Wl,-search_paths_first -Wl,-headerpad_max_install_names");
				OTHER_REZFLAGS = "";
				PRODUCT_NAME = test_quadtree;
				SECTORDER_FLAGS = "";
				SYMROOT = /Users/apple/Desktop/PRALG/zipimage;
				USE_HEADERMAP = NO;
				WARNING_CFLAGS = ("$(inherited)");
			};
			name = MinSizeRel;
		};
		676B38552DE44478B2E0BA45 /* RelWithDebInfo */ = {
			isa = XCBuildConfiguration;
			buildSettings = {
				ARCHS = "$(NATIVE_ARCH_ACTUAL)";
				ONLY_ACTIVE_ARCH = YES;
				SDKROOT = /Applications/Xcode.app/Contents/Developer/Platforms/MacOSX.platform/Developer/SDKs/MacOSX10.15.sdk;
				SYMROOT = /Users/apple/Desktop/PRALG/zipimage/build;
			};
			name = RelWithDebInfo;
		};
		75126D67C2304CA181B25634 /* Debug */ = {
			isa = XCBuildConfiguration;
			buildSettings = {
				COMBINE_HIDPI_IMAGES = YES;
				GCC_GENERATE_DEBUGGING_SYMBOLS = YES;
				GCC_INLINES_ARE_PRIVATE_EXTERN = NO;
				GCC_OPTIMIZATION_LEVEL = 0;
				GCC_PREPROCESSOR_DEFINITIONS = ("'CMAKE_INTDIR=\"$(CONFIGURATION)$(EFFECTIVE_PLATFORM_NAME)\"'");
				GCC_SYMBOLS_PRIVATE_EXTERN = NO;
				INSTALL_PATH = "";
				OTHER_LDFLAGS = ("");
				OTHER_REZFLAGS = "";
				PRODUCT_NAME = ALL_BUILD;
				SECTORDER_FLAGS = "";
				SYMROOT = /Users/apple/Desktop/PRALG/zipimage;
				USE_HEADERMAP = NO;
				WARNING_CFLAGS = ("$(inherited)");
			};
			name = Debug;
		};
		76BBDC6A9C1F4A9FB7C7C839 /* RelWithDebInfo */ = {
			isa = XCBuildConfiguration;
			buildSettings = {
				COMBINE_HIDPI_IMAGES = YES;
				GCC_GENERATE_DEBUGGING_SYMBOLS = YES;
				GCC_INLINES_ARE_PRIVATE_EXTERN = NO;
				GCC_OPTIMIZATION_LEVEL = 0;
				GCC_PREPROCESSOR_DEFINITIONS = ("'CMAKE_INTDIR=\"$(CONFIGURATION)$(EFFECTIVE_PLATFORM_NAME)\"'");
				GCC_SYMBOLS_PRIVATE_EXTERN = NO;
				INSTALL_PATH = "";
				OTHER_LDFLAGS = ("");
				OTHER_REZFLAGS = "";
				PRODUCT_NAME = ALL_BUILD;
				SECTORDER_FLAGS = "";
				SYMROOT = /Users/apple/Desktop/PRALG/zipimage;
				USE_HEADERMAP = NO;
				WARNING_CFLAGS = ("$(inherited)");
			};
			name = RelWithDebInfo;
		};
		7C42627C62D54DE9A7ABBF8E /* Release */ = {
			isa = XCBuildConfiguration;
			buildSettings = {
				COMBINE_HIDPI_IMAGES = YES;
				EXECUTABLE_PREFIX = "";
				EXECUTABLE_SUFFIX = "";
				FRAMEWORK_SEARCH_PATHS = (/Users/apple/Qt/5.12.9/clang_64/lib,/Applications/Xcode.app/Contents/Developer/Platforms/MacOSX.platform/Developer/SDKs/MacOSX10.15.sdk/System/Library/Frameworks);
				GCC_GENERATE_DEBUGGING_SYMBOLS = NO;
				GCC_INLINES_ARE_PRIVATE_EXTERN = NO;
				GCC_OPTIMIZATION_LEVEL = 3;
				GCC_PREPROCESSOR_DEFINITIONS = ("'CMAKE_INTDIR=\"$(CONFIGURATION)$(EFFECTIVE_PLATFORM_NAME)\"'");
				GCC_SYMBOLS_PRIVATE_EXTERN = NO;
				HEADER_SEARCH_PATHS = (/Library/Frameworks/Imagine.framework/Versions/Current/Resources/include,/Users/apple/Qt/5.12.9/clang_64/lib/QtCore.framework/Headers,"/Users/apple/Qt/5.12.9/clang_64/./mkspecs/macx-clang",/Users/apple/Qt/5.12.9/clang_64/lib/QtWidgets.framework/Headers,/Users/apple/Qt/5.12.9/clang_64/lib/QtGui.framework/Headers,/Applications/Xcode.app/Contents/Developer/Platforms/MacOSX.platform/Developer/SDKs/MacOSX10.15.sdk/System/Library/Frameworks/OpenGL.framework/Headers,/Users/apple/Qt/5.12.9/clang_64/lib/QtOpenGL.framework/Headers);
				INSTALL_PATH = "";
				LIBRARY_SEARCH_PATHS = ();
				OTHER_CPLUSPLUSFLAGS = "    -DNDEBUG ";
				OTHER_LDFLAGS = (" -Wl,-search_paths_first -Wl,-headerpad_max_install_names");
				OTHER_REZFLAGS = "";
				PRODUCT_NAME = test_quadtree;
				SECTORDER_FLAGS = "";
				SYMROOT = /Users/apple/Desktop/PRALG/zipimage;
				USE_HEADERMAP = NO;
				WARNING_CFLAGS = ("$(inherited)");
			};
			name = Release;
		};
		7D1F9A9D58134E9AA92FD261 /* Debug */ = {
			isa = XCBuildConfiguration;
			buildSettings = {
				COMBINE_HIDPI_IMAGES = YES;
				EXECUTABLE_PREFIX = "";
				EXECUTABLE_SUFFIX = "";
				FRAMEWORK_SEARCH_PATHS = (/Users/apple/Qt/5.12.9/clang_64/lib,/Applications/Xcode.app/Contents/Developer/Platforms/MacOSX.platform/Developer/SDKs/MacOSX10.15.sdk/System/Library/Frameworks);
				GCC_GENERATE_DEBUGGING_SYMBOLS = YES;
				GCC_INLINES_ARE_PRIVATE_EXTERN = NO;
				GCC_OPTIMIZATION_LEVEL = 0;
				GCC_PREPROCESSOR_DEFINITIONS = ("'CMAKE_INTDIR=\"$(CONFIGURATION)$(EFFECTIVE_PLATFORM_NAME)\"'");
				GCC_SYMBOLS_PRIVATE_EXTERN = NO;
				HEADER_SEARCH_PATHS = (/Library/Frameworks/Imagine.framework/Versions/Current/Resources/include,/Users/apple/Qt/5.12.9/clang_64/lib/QtCore.framework/Headers,"/Users/apple/Qt/5.12.9/clang_64/./mkspecs/macx-clang",/Users/apple/Qt/5.12.9/clang_64/lib/QtWidgets.framework/Headers,/Users/apple/Qt/5.12.9/clang_64/lib/QtGui.framework/Headers,/Applications/Xcode.app/Contents/Developer/Platforms/MacOSX.platform/Developer/SDKs/MacOSX10.15.sdk/System/Library/Frameworks/OpenGL.framework/Headers,/Users/apple/Qt/5.12.9/clang_64/lib/QtOpenGL.framework/Headers);
				INSTALL_PATH = "";
				LIBRARY_SEARCH_PATHS = ();
				OTHER_CPLUSPLUSFLAGS = "   ";
				OTHER_LDFLAGS = (" -Wl,-search_paths_first -Wl,-headerpad_max_install_names");
				OTHER_REZFLAGS = "";
				PRODUCT_NAME = test_quadtree;
				SECTORDER_FLAGS = "";
				SYMROOT = /Users/apple/Desktop/PRALG/zipimage;
				USE_HEADERMAP = NO;
				WARNING_CFLAGS = ("$(inherited)");
			};
			name = Debug;
		};
		A51BF8926F4742D69BF6C4F1 /* Release */ = {
			isa = XCBuildConfiguration;
			buildSettings = {
				COMBINE_HIDPI_IMAGES = YES;
				GCC_GENERATE_DEBUGGING_SYMBOLS = YES;
				GCC_INLINES_ARE_PRIVATE_EXTERN = NO;
				GCC_OPTIMIZATION_LEVEL = 0;
				GCC_PREPROCESSOR_DEFINITIONS = ("'CMAKE_INTDIR=\"$(CONFIGURATION)$(EFFECTIVE_PLATFORM_NAME)\"'");
				GCC_SYMBOLS_PRIVATE_EXTERN = NO;
				INSTALL_PATH = "";
				OTHER_LDFLAGS = ("");
				OTHER_REZFLAGS = "";
				PRODUCT_NAME = ALL_BUILD;
				SECTORDER_FLAGS = "";
				SYMROOT = /Users/apple/Desktop/PRALG/zipimage;
				USE_HEADERMAP = NO;
				WARNING_CFLAGS = ("$(inherited)");
			};
			name = Release;
		};
		A57E1653482A4B178B0731AE /* Debug */ = {
			isa = XCBuildConfiguration;
			buildSettings = {
				COMBINE_HIDPI_IMAGES = YES;
				EXECUTABLE_PREFIX = "";
				EXECUTABLE_SUFFIX = "";
				FRAMEWORK_SEARCH_PATHS = (/Applications/Xcode.app/Contents/Developer/Platforms/MacOSX.platform/Developer/SDKs/MacOSX10.15.sdk/System/Library/Frameworks,/Users/apple/Qt/5.12.9/clang_64/lib);
				GCC_GENERATE_DEBUGGING_SYMBOLS = YES;
				GCC_INLINES_ARE_PRIVATE_EXTERN = NO;
				GCC_OPTIMIZATION_LEVEL = 0;
				GCC_PREPROCESSOR_DEFINITIONS = ("'CMAKE_INTDIR=\"$(CONFIGURATION)$(EFFECTIVE_PLATFORM_NAME)\"'",QT_CORE_LIB,QT_WIDGETS_LIB,QT_GUI_LIB,QT_OPENGL_LIB);
				GCC_SYMBOLS_PRIVATE_EXTERN = NO;
				HEADER_SEARCH_PATHS = (/Library/Frameworks/Imagine.framework/Versions/Current/Resources/include);
				INSTALL_PATH = "";
				LD_RUNPATH_SEARCH_PATHS = /Users/apple/Qt/5.12.9/clang_64/lib;
				LIBRARY_SEARCH_PATHS = ();
				OTHER_CPLUSPLUSFLAGS = "   -DSRCDIR=\"/Users/apple/Desktop/PRALG/zipimage\" -fPIC '-std=gnu++11' ";
				OTHER_LDFLAGS = ("-L\"/Library/Frameworks/Imagine.framework/Versions/Current/Resources/lib\" -Wl,-search_paths_first -Wl,-headerpad_max_install_names","-lImagineGraphics","-F /Users/apple/Qt/5.12.9/clang_64/lib","-framework QtOpenGL","-F /Applications/Xcode.app/Contents/Developer/Platforms/MacOSX.platform/Developer/SDKs/MacOSX10.15.sdk/System/Library/Frameworks","-framework OpenGL","-F /Applications/Xcode.app/Contents/Developer/Platforms/MacOSX.platform/Developer/SDKs/MacOSX10.15.sdk/System/Library/Frameworks","-framework OpenGL","-F /Users/apple/Qt/5.12.9/clang_64/lib","-framework QtWidgets","-F /Users/apple/Qt/5.12.9/clang_64/lib","-framework QtGui","-F /Users/apple/Qt/5.12.9/clang_64/lib","-framework QtCore");
				OTHER_REZFLAGS = "";
				PRODUCT_NAME = zipimage;
				SECTORDER_FLAGS = "";
				SYMROOT = /Users/apple/Desktop/PRALG/zipimage;
				SYSTEM_HEADER_SEARCH_PATHS = (/Users/apple/Qt/5.12.9/clang_64/lib/QtCore.framework/Headers,"/Users/apple/Qt/5.12.9/clang_64/./mkspecs/macx-clang",/Users/apple/Qt/5.12.9/clang_64/lib/QtWidgets.framework/Headers,/Users/apple/Qt/5.12.9/clang_64/lib/QtGui.framework/Headers,/Applications/Xcode.app/Contents/Developer/Platforms/MacOSX.platform/Developer/SDKs/MacOSX10.15.sdk/System/Library/Frameworks/OpenGL.framework/Headers,/Users/apple/Qt/5.12.9/clang_64/lib/QtOpenGL.framework/Headers);
				USE_HEADERMAP = NO;
				WARNING_CFLAGS = ("$(inherited)");
			};
			name = Debug;
		};
		BFC6C02E825D495D9DD98C70 /* Release */ = {
			isa = XCBuildConfiguration;
			buildSettings = {
				COMBINE_HIDPI_IMAGES = YES;
				EXECUTABLE_PREFIX = "";
				EXECUTABLE_SUFFIX = "";
				FRAMEWORK_SEARCH_PATHS = (/Applications/Xcode.app/Contents/Developer/Platforms/MacOSX.platform/Developer/SDKs/MacOSX10.15.sdk/System/Library/Frameworks,/Users/apple/Qt/5.12.9/clang_64/lib);
				GCC_GENERATE_DEBUGGING_SYMBOLS = NO;
				GCC_INLINES_ARE_PRIVATE_EXTERN = NO;
				GCC_OPTIMIZATION_LEVEL = 3;
				GCC_PREPROCESSOR_DEFINITIONS = ("'CMAKE_INTDIR=\"$(CONFIGURATION)$(EFFECTIVE_PLATFORM_NAME)\"'",QT_CORE_LIB,QT_NO_DEBUG,QT_WIDGETS_LIB,QT_GUI_LIB,QT_OPENGL_LIB);
				GCC_SYMBOLS_PRIVATE_EXTERN = NO;
				HEADER_SEARCH_PATHS = (/Library/Frameworks/Imagine.framework/Versions/Current/Resources/include);
				INSTALL_PATH = "";
				LD_RUNPATH_SEARCH_PATHS = /Users/apple/Qt/5.12.9/clang_64/lib;
				LIBRARY_SEARCH_PATHS = ();
				OTHER_CPLUSPLUSFLAGS = "    -DNDEBUG -DSRCDIR=\"/Users/apple/Desktop/PRALG/zipimage\" -fPIC '-std=gnu++11' ";
				OTHER_LDFLAGS = ("-L\"/Library/Frameworks/Imagine.framework/Versions/Current/Resources/lib\" -Wl,-search_paths_first -Wl,-headerpad_max_install_names","-lImagineGraphics","-F /Users/apple/Qt/5.12.9/clang_64/lib","-framework QtOpenGL","-F /Applications/Xcode.app/Contents/Developer/Platforms/MacOSX.platform/Developer/SDKs/MacOSX10.15.sdk/System/Library/Frameworks","-framework OpenGL","-F /Applications/Xcode.app/Contents/Developer/Platforms/MacOSX.platform/Developer/SDKs/MacOSX10.15.sdk/System/Library/Frameworks","-framework OpenGL","-F /Users/apple/Qt/5.12.9/clang_64/lib","-framework QtWidgets","-F /Users/apple/Qt/5.12.9/clang_64/lib","-framework QtGui","-F /Users/apple/Qt/5.12.9/clang_64/lib","-framework QtCore");
				OTHER_REZFLAGS = "";
				PRODUCT_NAME = zipimage;
				SECTORDER_FLAGS = "";
				SYMROOT = /Users/apple/Desktop/PRALG/zipimage;
				SYSTEM_HEADER_SEARCH_PATHS = (/Users/apple/Qt/5.12.9/clang_64/lib/QtCore.framework/Headers,"/Users/apple/Qt/5.12.9/clang_64/./mkspecs/macx-clang",/Users/apple/Qt/5.12.9/clang_64/lib/QtWidgets.framework/Headers,/Users/apple/Qt/5.12.9/clang_64/lib/QtGui.framework/Headers,/Applications/Xcode.app/Contents/Developer/Platforms/MacOSX.platform/Developer/SDKs/MacOSX10.15.sdk/System/Library/Frameworks/OpenGL.framework/Headers,/Users/apple/Qt/5.12.9/clang_64/lib/QtOpenGL.framework/Headers);
				USE_HEADERMAP = NO;
				WARNING_CFLAGS = ("$(inherited)");
			};
			name = Release;
		};
		CE3F045029FE416884BFC0B0 /* RelWithDebInfo */ = {
			isa = XCBuildConfiguration;
			buildSettings = {
				COMBINE_HIDPI_IMAGES = YES;
				EXECUTABLE_PREFIX = "";
				EXECUTABLE_SUFFIX = "";
				FRAMEWORK_SEARCH_PATHS = (/Applications/Xcode.app/Contents/Developer/Platforms/MacOSX.platform/Developer/SDKs/MacOSX10.15.sdk/System/Library/Frameworks,/Users/apple/Qt/5.12.9/clang_64/lib);
				GCC_GENERATE_DEBUGGING_SYMBOLS = YES;
				GCC_INLINES_ARE_PRIVATE_EXTERN = NO;
				GCC_OPTIMIZATION_LEVEL = 2;
				GCC_PREPROCESSOR_DEFINITIONS = ("'CMAKE_INTDIR=\"$(CONFIGURATION)$(EFFECTIVE_PLATFORM_NAME)\"'",QT_CORE_LIB,QT_NO_DEBUG,QT_WIDGETS_LIB,QT_GUI_LIB,QT_OPENGL_LIB);
				GCC_SYMBOLS_PRIVATE_EXTERN = NO;
				HEADER_SEARCH_PATHS = (/Library/Frameworks/Imagine.framework/Versions/Current/Resources/include);
				INSTALL_PATH = "";
				LD_RUNPATH_SEARCH_PATHS = /Users/apple/Qt/5.12.9/clang_64/lib;
				LIBRARY_SEARCH_PATHS = ();
				OTHER_CPLUSPLUSFLAGS = "       -DNDEBUG -DSRCDIR=\"/Users/apple/Desktop/PRALG/zipimage\" -fPIC '-std=gnu++11' ";
				OTHER_LDFLAGS = ("-L\"/Library/Frameworks/Imagine.framework/Versions/Current/Resources/lib\" -Wl,-search_paths_first -Wl,-headerpad_max_install_names","-lImagineGraphics","-F /Users/apple/Qt/5.12.9/clang_64/lib","-framework QtOpenGL","-F /Applications/Xcode.app/Contents/Developer/Platforms/MacOSX.platform/Developer/SDKs/MacOSX10.15.sdk/System/Library/Frameworks","-framework OpenGL","-F /Applications/Xcode.app/Contents/Developer/Platforms/MacOSX.platform/Developer/SDKs/MacOSX10.15.sdk/System/Library/Frameworks","-framework OpenGL","-F /Users/apple/Qt/5.12.9/clang_64/lib","-framework QtWidgets","-F /Users/apple/Qt/5.12.9/clang_64/lib","-framework QtGui","-F /Users/apple/Qt/5.12.9/clang_64/lib","-framework QtCore");
				OTHER_REZFLAGS = "";
				PRODUCT_NAME = zipimage;
				SECTORDER_FLAGS = "";
				SYMROOT = /Users/apple/Desktop/PRALG/zipimage;
				SYSTEM_HEADER_SEARCH_PATHS = (/Users/apple/Qt/5.12.9/clang_64/lib/QtCore.framework/Headers,"/Users/apple/Qt/5.12.9/clang_64/./mkspecs/macx-clang",/Users/apple/Qt/5.12.9/clang_64/lib/QtWidgets.framework/Headers,/Users/apple/Qt/5.12.9/clang_64/lib/QtGui.framework/Headers,/Applications/Xcode.app/Contents/Developer/Platforms/MacOSX.platform/Developer/SDKs/MacOSX10.15.sdk/System/Library/Frameworks/OpenGL.framework/Headers,/Users/apple/Qt/5.12.9/clang_64/lib/QtOpenGL.framework/Headers);
				USE_HEADERMAP = NO;
				WARNING_CFLAGS = ("$(inherited)");
			};
			name = RelWithDebInfo;
		};
		D20BE80B2C664A968A8DF43B /* MinSizeRel */ = {
			isa = XCBuildConfiguration;
			buildSettings = {
				ARCHS = "$(NATIVE_ARCH_ACTUAL)";
				ONLY_ACTIVE_ARCH = YES;
				SDKROOT = /Applications/Xcode.app/Contents/Developer/Platforms/MacOSX.platform/Developer/SDKs/MacOSX10.15.sdk;
				SYMROOT = /Users/apple/Desktop/PRALG/zipimage/build;
			};
			name = MinSizeRel;
		};
		DD17245DBAA343F981D8C2BF /* Release */ = {
			isa = XCBuildConfiguration;
			buildSettings = {
				COMBINE_HIDPI_IMAGES = YES;
				GCC_GENERATE_DEBUGGING_SYMBOLS = YES;
				GCC_INLINES_ARE_PRIVATE_EXTERN = NO;
				GCC_OPTIMIZATION_LEVEL = 0;
				GCC_PREPROCESSOR_DEFINITIONS = ("'CMAKE_INTDIR=\"$(CONFIGURATION)$(EFFECTIVE_PLATFORM_NAME)\"'");
				GCC_SYMBOLS_PRIVATE_EXTERN = NO;
				INSTALL_PATH = "";
				OTHER_LDFLAGS = ("");
				OTHER_REZFLAGS = "";
				PRODUCT_NAME = ZERO_CHECK;
				SECTORDER_FLAGS = "";
				SYMROOT = /Users/apple/Desktop/PRALG/zipimage;
				USE_HEADERMAP = NO;
				WARNING_CFLAGS = ("$(inherited)");
			};
			name = Release;
		};
		E0954C8BC4DE40BC8FDF2380 /* MinSizeRel */ = {
			isa = XCBuildConfiguration;
			buildSettings = {
				COMBINE_HIDPI_IMAGES = YES;
				GCC_GENERATE_DEBUGGING_SYMBOLS = YES;
				GCC_INLINES_ARE_PRIVATE_EXTERN = NO;
				GCC_OPTIMIZATION_LEVEL = 0;
				GCC_PREPROCESSOR_DEFINITIONS = ("'CMAKE_INTDIR=\"$(CONFIGURATION)$(EFFECTIVE_PLATFORM_NAME)\"'");
				GCC_SYMBOLS_PRIVATE_EXTERN = NO;
				INSTALL_PATH = "";
				OTHER_LDFLAGS = ("");
				OTHER_REZFLAGS = "";
				PRODUCT_NAME = ZERO_CHECK;
				SECTORDER_FLAGS = "";
				SYMROOT = /Users/apple/Desktop/PRALG/zipimage;
				USE_HEADERMAP = NO;
				WARNING_CFLAGS = ("$(inherited)");
			};
			name = MinSizeRel;
		};
		F194A7F926404114AF807C67 /* RelWithDebInfo */ = {
			isa = XCBuildConfiguration;
			buildSettings = {
				COMBINE_HIDPI_IMAGES = YES;
				GCC_GENERATE_DEBUGGING_SYMBOLS = YES;
				GCC_INLINES_ARE_PRIVATE_EXTERN = NO;
				GCC_OPTIMIZATION_LEVEL = 0;
				GCC_PREPROCESSOR_DEFINITIONS = ("'CMAKE_INTDIR=\"$(CONFIGURATION)$(EFFECTIVE_PLATFORM_NAME)\"'");
				GCC_SYMBOLS_PRIVATE_EXTERN = NO;
				INSTALL_PATH = "";
				OTHER_LDFLAGS = ("");
				OTHER_REZFLAGS = "";
				PRODUCT_NAME = ZERO_CHECK;
				SECTORDER_FLAGS = "";
				SYMROOT = /Users/apple/Desktop/PRALG/zipimage;
				USE_HEADERMAP = NO;
				WARNING_CFLAGS = ("$(inherited)");
			};
			name = RelWithDebInfo;
		};
		F3F8045093F64F5AB61A9706 /* MinSizeRel */ = {
			isa = XCBuildConfiguration;
			buildSettings = {
				COMBINE_HIDPI_IMAGES = YES;
				GCC_GENERATE_DEBUGGING_SYMBOLS = YES;
				GCC_INLINES_ARE_PRIVATE_EXTERN = NO;
				GCC_OPTIMIZATION_LEVEL = 0;
				GCC_PREPROCESSOR_DEFINITIONS = ("'CMAKE_INTDIR=\"$(CONFIGURATION)$(EFFECTIVE_PLATFORM_NAME)\"'");
				GCC_SYMBOLS_PRIVATE_EXTERN = NO;
				INSTALL_PATH = "";
				OTHER_LDFLAGS = ("");
				OTHER_REZFLAGS = "";
				PRODUCT_NAME = ALL_BUILD;
				SECTORDER_FLAGS = "";
				SYMROOT = /Users/apple/Desktop/PRALG/zipimage;
				USE_HEADERMAP = NO;
				WARNING_CFLAGS = ("$(inherited)");
			};
			name = MinSizeRel;
		};
		FDD0BAAB918444E8BA56FCA0 /* Debug */ = {
			isa = XCBuildConfiguration;
			buildSettings = {
				ARCHS = "$(NATIVE_ARCH_ACTUAL)";
				ONLY_ACTIVE_ARCH = YES;
				SDKROOT = /Applications/Xcode.app/Contents/Developer/Platforms/MacOSX.platform/Developer/SDKs/MacOSX10.15.sdk;
				SYMROOT = /Users/apple/Desktop/PRALG/zipimage/build;
			};
			name = Debug;
		};
/* End XCBuildConfiguration section */

/* Begin XCConfigurationList section */
		3876EFD8103F471F81489BD2 /* Build configuration list for PBXNativeTarget "zipimage" */ = {
			isa = XCConfigurationList;
			buildConfigurations = (
				A57E1653482A4B178B0731AE /* Debug */,
				BFC6C02E825D495D9DD98C70 /* Release */,
				41FF9531A6EC42C5A3B8F7C7 /* MinSizeRel */,
				CE3F045029FE416884BFC0B0 /* RelWithDebInfo */,
			);
			defaultConfigurationIsVisible = 0;
			defaultConfigurationName = Debug;
		};
		3BC409174E1B4FA299F2F47D /* Build configuration list for PBXAggregateTarget "ALL_BUILD" */ = {
			isa = XCConfigurationList;
			buildConfigurations = (
				75126D67C2304CA181B25634 /* Debug */,
				A51BF8926F4742D69BF6C4F1 /* Release */,
				F3F8045093F64F5AB61A9706 /* MinSizeRel */,
				76BBDC6A9C1F4A9FB7C7C839 /* RelWithDebInfo */,
			);
			defaultConfigurationIsVisible = 0;
			defaultConfigurationName = Debug;
		};
		4D0BA55653CD494BBD60E051 /* Build configuration list for PBXNativeTarget "test_quadtree" */ = {
			isa = XCConfigurationList;
			buildConfigurations = (
				7D1F9A9D58134E9AA92FD261 /* Debug */,
				7C42627C62D54DE9A7ABBF8E /* Release */,
				6586CFB4D51F4F9FB77234FC /* MinSizeRel */,
				22A4E42B35034EF6AEEB5EA2 /* RelWithDebInfo */,
			);
			defaultConfigurationIsVisible = 0;
			defaultConfigurationName = Debug;
		};
		6A8779A7EC604166AD94443D /* Build configuration list for PBXProject "ZipImage" */ = {
			isa = XCConfigurationList;
			buildConfigurations = (
				FDD0BAAB918444E8BA56FCA0 /* Debug */,
				23D9A85A64F047088B3FFD13 /* Release */,
				D20BE80B2C664A968A8DF43B /* MinSizeRel */,
				676B38552DE44478B2E0BA45 /* RelWithDebInfo */,
			);
			defaultConfigurationIsVisible = 0;
			defaultConfigurationName = Debug;
		};
		9A57109E0AF142B187135B4C /* Build configuration list for PBXAggregateTarget "ZERO_CHECK" */ = {
			isa = XCConfigurationList;
			buildConfigurations = (
				3043AED070FC4994BCFAAB37 /* Debug */,
				DD17245DBAA343F981D8C2BF /* Release */,
				E0954C8BC4DE40BC8FDF2380 /* MinSizeRel */,
				F194A7F926404114AF807C67 /* RelWithDebInfo */,
			);
			defaultConfigurationIsVisible = 0;
			defaultConfigurationName = Debug;
		};
/* End XCConfigurationList section */
	};
	rootObject = 5F908CBDF8D24058A62A3B76 /* Project object */;
}
