// !$*UTF8*$!
{
	archiveVersion = 1;
	classes = {
	};
	objectVersion = 46;
	objects = {

/* Begin PBXAggregateTarget section */
		741F4B144DF14CFBA88B859E /* ALL_BUILD */ = {
			isa = PBXAggregateTarget;
			buildConfigurationList = 7179087B7CDB4C198EF8EF07 /* Build configuration list for PBXAggregateTarget "ALL_BUILD" */;
			buildPhases = (
				2C5290E2F87B461AA5B2C9CD /* Generate CMakeFiles/ALL_BUILD */,
			);
			dependencies = (
				11D9773608F649E4B90C7755 /* PBXTargetDependency */,
				E5C631C2206648F5AA5948E8 /* PBXTargetDependency */,
				E5C32B9ED5374BF9A6B6AC67 /* PBXTargetDependency */,
			);
			name = ALL_BUILD;
			productName = ALL_BUILD;
		};
		FE7D78D6787F4F45B61ADC2F /* ZERO_CHECK */ = {
			isa = PBXAggregateTarget;
			buildConfigurationList = 7E9928F7FE794AB78CD1016F /* Build configuration list for PBXAggregateTarget "ZERO_CHECK" */;
			buildPhases = (
				912F9100BC504E02AA7C0641 /* Generate CMakeFiles/ZERO_CHECK */,
			);
			dependencies = (
			);
			name = ZERO_CHECK;
			productName = ZERO_CHECK;
		};
/* End PBXAggregateTarget section */

/* Begin PBXBuildFile section */
		1C82740DC7B24A78A9B742EF /* /Users/apple/Desktop/PRALG/zipimage/CMakeLists.txt */ = {isa = PBXBuildFile; fileRef = D608013AFD9D4B22801489F4 /* /Users/apple/Desktop/PRALG/zipimage/CMakeLists.txt */; };
		2BE430D85F4344B09EA63C7C /* /Users/apple/Desktop/PRALG/zipimage/CMakeLists.txt */ = {isa = PBXBuildFile; fileRef = E03CD2A5951149BCA5348DFE /* /Users/apple/Desktop/PRALG/zipimage/CMakeLists.txt */; };
		3EED1A7C274C439CAD054D82 /* /Users/apple/Desktop/PRALG/zipimage/quadtree/quadtree.h */ = {isa = PBXBuildFile; fileRef = 94361379213B410B91FA8953 /* /Users/apple/Desktop/PRALG/zipimage/quadtree/quadtree.h */; };
		7F7F55FC29524EFE86AE6115 /* /Users/apple/Desktop/PRALG/zipimage/quadtree/example.cpp */ = {isa = PBXBuildFile; fileRef = A8D7C6FA500B43E9A76101EF /* /Users/apple/Desktop/PRALG/zipimage/quadtree/example.cpp */; };
		B2CB569CAF2A438D9052D77A /* /Users/apple/Desktop/PRALG/zipimage/example.cpp */ = {isa = PBXBuildFile; fileRef = 7D8B4991A721471E849040FA /* /Users/apple/Desktop/PRALG/zipimage/example.cpp */; };
		DA7CE530624646FBB06F1689 /* /Users/apple/Desktop/PRALG/zipimage/quadtree/quadtree.h */ = {isa = PBXBuildFile; fileRef = F3C189AA86684CAC86587E52 /* /Users/apple/Desktop/PRALG/zipimage/quadtree/quadtree.h */; };
/* End PBXBuildFile section */

/* Begin PBXBuildStyle section */
		0F1F18BEFE5641F79EBB508C /* Release */ = {
			isa = PBXBuildStyle;
			buildSettings = {
				COPY_PHASE_STRIP = NO;
			};
			name = Release;
		};
		8E332AF4A5B648138B80FFB5 /* MinSizeRel */ = {
			isa = PBXBuildStyle;
			buildSettings = {
				COPY_PHASE_STRIP = NO;
			};
			name = MinSizeRel;
		};
		9310E98822A644EF8A0C5AA8 /* Debug */ = {
			isa = PBXBuildStyle;
			buildSettings = {
				COPY_PHASE_STRIP = NO;
			};
			name = Debug;
		};
		F0B2BFE9623247E88095D9B2 /* RelWithDebInfo */ = {
			isa = PBXBuildStyle;
			buildSettings = {
				COPY_PHASE_STRIP = NO;
			};
			name = RelWithDebInfo;
		};
/* End PBXBuildStyle section */

/* Begin PBXContainerItemProxy section */
		1DA20955BDCD490EAE83FF35 /* PBXContainerItemProxy */ = {
			isa = PBXContainerItemProxy;
			containerPortal = 5F908CBDF8D24058A62A3B76 /* Project object */;
			proxyType = 1;
			remoteGlobalIDString = C011A1F4EC6948C1AFFC479F;
			remoteInfo = zipimage;
		};
		28AA6170DC7445E9942AFCBF /* PBXContainerItemProxy */ = {
			isa = PBXContainerItemProxy;
			containerPortal = 5F908CBDF8D24058A62A3B76 /* Project object */;
			proxyType = 1;
			remoteGlobalIDString = FE7D78D6787F4F45B61ADC2F;
			remoteInfo = ZERO_CHECK;
		};
		57641E9231AC4D60865F5515 /* PBXContainerItemProxy */ = {
			isa = PBXContainerItemProxy;
			containerPortal = 5F908CBDF8D24058A62A3B76 /* Project object */;
			proxyType = 1;
			remoteGlobalIDString = 53814EDE441E4E8DA2C502FF;
			remoteInfo = test_quadtree;
		};
		5EC51C07F48440FCB584E6E6 /* PBXContainerItemProxy */ = {
			isa = PBXContainerItemProxy;
			containerPortal = 5F908CBDF8D24058A62A3B76 /* Project object */;
			proxyType = 1;
			remoteGlobalIDString = FE7D78D6787F4F45B61ADC2F;
			remoteInfo = ZERO_CHECK;
		};
		A8F974B9903C4F72A7256F76 /* PBXContainerItemProxy */ = {
			isa = PBXContainerItemProxy;
			containerPortal = 5F908CBDF8D24058A62A3B76 /* Project object */;
			proxyType = 1;
			remoteGlobalIDString = FE7D78D6787F4F45B61ADC2F;
			remoteInfo = ZERO_CHECK;
		};
/* End PBXContainerItemProxy section */

/* Begin PBXFileReference section */
		1B3ACF51FE294617B7367383 /* zipimage */ = {isa = PBXFileReference; explicitFileType = "compiled.mach-o.executable"; path = zipimage; sourceTree = BUILT_PRODUCTS_DIR; };
		797033144FDD4E5D8035666A /* /Users/apple/Desktop/PRALG/zipimage/CMakeLists.txt */ = {isa = PBXFileReference; explicitFileType = sourcecode.text; fileEncoding = 4; name = CMakeLists.txt; path = CMakeLists.txt; sourceTree = SOURCE_ROOT; };
		7D8B4991A721471E849040FA /* /Users/apple/Desktop/PRALG/zipimage/example.cpp */ = {isa = PBXFileReference; explicitFileType = sourcecode.cpp.cpp; fileEncoding = 4; name = example.cpp; path = example.cpp; sourceTree = SOURCE_ROOT; };
		94361379213B410B91FA8953 /* /Users/apple/Desktop/PRALG/zipimage/quadtree/quadtree.h */ = {isa = PBXFileReference; explicitFileType = sourcecode.c.h; fileEncoding = 4; name = quadtree.h; path = quadtree/quadtree.h; sourceTree = SOURCE_ROOT; };
		A8D7C6FA500B43E9A76101EF /* /Users/apple/Desktop/PRALG/zipimage/quadtree/example.cpp */ = {isa = PBXFileReference; explicitFileType = sourcecode.cpp.cpp; fileEncoding = 4; name = example.cpp; path = quadtree/example.cpp; sourceTree = SOURCE_ROOT; };
		CB33F422D8134F42B78D4F18 /* test_quadtree */ = {isa = PBXFileReference; explicitFileType = "compiled.mach-o.executable"; path = test_quadtree; sourceTree = BUILT_PRODUCTS_DIR; };
		D608013AFD9D4B22801489F4 /* /Users/apple/Desktop/PRALG/zipimage/CMakeLists.txt */ = {isa = PBXFileReference; explicitFileType = sourcecode.text; fileEncoding = 4; name = CMakeLists.txt; path = CMakeLists.txt; sourceTree = SOURCE_ROOT; };
		E03CD2A5951149BCA5348DFE /* /Users/apple/Desktop/PRALG/zipimage/CMakeLists.txt */ = {isa = PBXFileReference; explicitFileType = sourcecode.text; fileEncoding = 4; name = CMakeLists.txt; path = CMakeLists.txt; sourceTree = SOURCE_ROOT; };
		F3C189AA86684CAC86587E52 /* /Users/apple/Desktop/PRALG/zipimage/quadtree/quadtree.h */ = {isa = PBXFileReference; explicitFileType = sourcecode.c.h; fileEncoding = 4; name = quadtree.h; path = quadtree/quadtree.h; sourceTree = SOURCE_ROOT; };
/* End PBXFileReference section */

/* Begin PBXFrameworksBuildPhase section */
		2B84076CA5AB4194A953980B /* Frameworks */ = {
			isa = PBXFrameworksBuildPhase;
			buildActionMask = 2147483647;
			files = (
			);
			runOnlyForDeploymentPostprocessing = 0;
		};
		4DC223B486E94A0CBCD72F1D /* Frameworks */ = {
			isa = PBXFrameworksBuildPhase;
			buildActionMask = 2147483647;
			files = (
			);
			runOnlyForDeploymentPostprocessing = 0;
		};
/* End PBXFrameworksBuildPhase section */

/* Begin PBXGroup section */
		046EF6EEDF38458AA20D37F3 /* zipimage */ = {
			isa = PBXGroup;
			children = (
				905010E26E0A44F7A00488BC /* Source Files */,
				261DE037C6E5434B8A613BB0 /* Header Files */,
				E03CD2A5951149BCA5348DFE /* /Users/apple/Desktop/PRALG/zipimage/CMakeLists.txt */,
			);
			name = zipimage;
			sourceTree = "<group>";
		};
		115F78C2CF424BCEA1005256 /* Header Files */ = {
			isa = PBXGroup;
			children = (
				F3C189AA86684CAC86587E52 /* /Users/apple/Desktop/PRALG/zipimage/quadtree/quadtree.h */,
			);
			name = "Header Files";
			sourceTree = "<group>";
		};
		15D50339ED954D3A9BE48CBB = {
			isa = PBXGroup;
			children = (
				046EF6EEDF38458AA20D37F3 /* zipimage */,
				564D01B9EE5A436DBA01B666 /* test_quadtree */,
				2AD907BE46514DD3AE76E7DC /* ALL_BUILD */,
				FAA2B10ACD3D435E964D9038 /* Products */,
				C1D867BC8C894DA8AA8121FD /* Frameworks */,
			);
			sourceTree = "<group>";
		};
		261DE037C6E5434B8A613BB0 /* Header Files */ = {
			isa = PBXGroup;
			children = (
				94361379213B410B91FA8953 /* /Users/apple/Desktop/PRALG/zipimage/quadtree/quadtree.h */,
			);
			name = "Header Files";
			sourceTree = "<group>";
		};
		2AD907BE46514DD3AE76E7DC /* ALL_BUILD */ = {
			isa = PBXGroup;
			children = (
				CE01E5CCEF804D518FD017CE /* CMake Rules */,
				797033144FDD4E5D8035666A /* /Users/apple/Desktop/PRALG/zipimage/CMakeLists.txt */,
			);
			name = ALL_BUILD;
			sourceTree = "<group>";
		};
		4C0BEDB0B48E4BA693B1BABF /* Source Files */ = {
			isa = PBXGroup;
			children = (
				A8D7C6FA500B43E9A76101EF /* /Users/apple/Desktop/PRALG/zipimage/quadtree/example.cpp */,
			);
			name = "Source Files";
			sourceTree = "<group>";
		};
		564D01B9EE5A436DBA01B666 /* test_quadtree */ = {
			isa = PBXGroup;
			children = (
				4C0BEDB0B48E4BA693B1BABF /* Source Files */,
				115F78C2CF424BCEA1005256 /* Header Files */,
				D608013AFD9D4B22801489F4 /* /Users/apple/Desktop/PRALG/zipimage/CMakeLists.txt */,
			);
			name = test_quadtree;
			sourceTree = "<group>";
		};
		905010E26E0A44F7A00488BC /* Source Files */ = {
			isa = PBXGroup;
			children = (
				7D8B4991A721471E849040FA /* /Users/apple/Desktop/PRALG/zipimage/example.cpp */,
			);
			name = "Source Files";
			sourceTree = "<group>";
		};
		C1D867BC8C894DA8AA8121FD /* Frameworks */ = {
			isa = PBXGroup;
			children = (
			);
			name = Frameworks;
			sourceTree = "<group>";
		};
		CE01E5CCEF804D518FD017CE /* CMake Rules */ = {
			isa = PBXGroup;
			children = (
			);
			name = "CMake Rules";
			sourceTree = "<group>";
		};
		FAA2B10ACD3D435E964D9038 /* Products */ = {
			isa = PBXGroup;
			children = (
				CB33F422D8134F42B78D4F18 /* test_quadtree */,
				1B3ACF51FE294617B7367383 /* zipimage */,
			);
			name = Products;
			sourceTree = "<group>";
		};
/* End PBXGroup section */

/* Begin PBXNativeTarget section */
		53814EDE441E4E8DA2C502FF /* test_quadtree */ = {
			isa = PBXNativeTarget;
			buildConfigurationList = 23AD997A519846878254752E /* Build configuration list for PBXNativeTarget "test_quadtree" */;
			buildPhases = (
				C9D984D382E042E686DA3FAE /* Sources */,
				2B84076CA5AB4194A953980B /* Frameworks */,
			);
			buildRules = (
			);
			dependencies = (
				90D81CBFE47A46F3ABFCDD93 /* PBXTargetDependency */,
			);
			name = test_quadtree;
			productName = test_quadtree;
			productReference = CB33F422D8134F42B78D4F18 /* test_quadtree */;
			productType = "com.apple.product-type.tool";
		};
		C011A1F4EC6948C1AFFC479F /* zipimage */ = {
			isa = PBXNativeTarget;
			buildConfigurationList = 4C5A53A1309444368ABAE5D7 /* Build configuration list for PBXNativeTarget "zipimage" */;
			buildPhases = (
				A552ED85B6B54A11BB96B853 /* Sources */,
				4DC223B486E94A0CBCD72F1D /* Frameworks */,
			);
			buildRules = (
			);
			dependencies = (
				12B79DEDBAC84D53BC4C5B56 /* PBXTargetDependency */,
			);
			name = zipimage;
			productName = zipimage;
			productReference = 1B3ACF51FE294617B7367383 /* zipimage */;
			productType = "com.apple.product-type.tool";
		};
/* End PBXNativeTarget section */

/* Begin PBXProject section */
		5F908CBDF8D24058A62A3B76 /* Project object */ = {
			isa = PBXProject;
			attributes = {
				BuildIndependentTargetsInParallel = YES;
				LastUpgradeCheck = 1210;
			};
			buildConfigurationList = DC886C63A58947DFB9067160 /* Build configuration list for PBXProject "ZipImage" */;
			buildSettings = {
			};
			buildStyles = (
				9310E98822A644EF8A0C5AA8 /* Debug */,
				0F1F18BEFE5641F79EBB508C /* Release */,
				8E332AF4A5B648138B80FFB5 /* MinSizeRel */,
				F0B2BFE9623247E88095D9B2 /* RelWithDebInfo */,
			);
			compatibilityVersion = "Xcode 3.2";
			hasScannedForEncodings = 0;
			mainGroup = 15D50339ED954D3A9BE48CBB;
			projectDirPath = .;
			projectRoot = "";
			targets = (
				741F4B144DF14CFBA88B859E /* ALL_BUILD */,
				FE7D78D6787F4F45B61ADC2F /* ZERO_CHECK */,
				53814EDE441E4E8DA2C502FF /* test_quadtree */,
				C011A1F4EC6948C1AFFC479F /* zipimage */,
			);
		};
/* End PBXProject section */

/* Begin PBXShellScriptBuildPhase section */
		2C5290E2F87B461AA5B2C9CD /* Generate CMakeFiles/ALL_BUILD */ = {
			isa = PBXShellScriptBuildPhase;
			alwaysOutOfDate = 1;
			buildActionMask = 2147483647;
			files = (
			);
			inputPaths = (
			);
			name = "Generate CMakeFiles/ALL_BUILD";
			outputPaths = (
/Users/apple/Desktop/PRALG/zipimage/CMakeFiles/ALL_BUILD			);
			runOnlyForDeploymentPostprocessing = 0;
			shellPath = /bin/sh;
			shellScript = "set -e
if test \"$CONFIGURATION\" = \"Debug\"; then :
  cd /Users/apple/Desktop/PRALG/zipimage
  echo Build\\ all\\ projects
fi
if test \"$CONFIGURATION\" = \"Release\"; then :
  cd /Users/apple/Desktop/PRALG/zipimage
  echo Build\\ all\\ projects
fi
if test \"$CONFIGURATION\" = \"MinSizeRel\"; then :
  cd /Users/apple/Desktop/PRALG/zipimage
  echo Build\\ all\\ projects
fi
if test \"$CONFIGURATION\" = \"RelWithDebInfo\"; then :
  cd /Users/apple/Desktop/PRALG/zipimage
  echo Build\\ all\\ projects
fi
";
			showEnvVarsInLog = 0;
		};
		912F9100BC504E02AA7C0641 /* Generate CMakeFiles/ZERO_CHECK */ = {
			isa = PBXShellScriptBuildPhase;
			alwaysOutOfDate = 1;
			buildActionMask = 2147483647;
			files = (
			);
			inputPaths = (
			);
			name = "Generate CMakeFiles/ZERO_CHECK";
			outputPaths = (
/Users/apple/Desktop/PRALG/zipimage/CMakeFiles/ZERO_CHECK			);
			runOnlyForDeploymentPostprocessing = 0;
			shellPath = /bin/sh;
			shellScript = "set -e
if test \"$CONFIGURATION\" = \"Debug\"; then :
  cd /Users/apple/Desktop/PRALG/zipimage
  make -f /Users/apple/Desktop/PRALG/zipimage/CMakeScripts/ReRunCMake.make
fi
if test \"$CONFIGURATION\" = \"Release\"; then :
  cd /Users/apple/Desktop/PRALG/zipimage
  make -f /Users/apple/Desktop/PRALG/zipimage/CMakeScripts/ReRunCMake.make
fi
if test \"$CONFIGURATION\" = \"MinSizeRel\"; then :
  cd /Users/apple/Desktop/PRALG/zipimage
  make -f /Users/apple/Desktop/PRALG/zipimage/CMakeScripts/ReRunCMake.make
fi
if test \"$CONFIGURATION\" = \"RelWithDebInfo\"; then :
  cd /Users/apple/Desktop/PRALG/zipimage
  make -f /Users/apple/Desktop/PRALG/zipimage/CMakeScripts/ReRunCMake.make
fi
";
			showEnvVarsInLog = 0;
		};
		B359218FEBCF4971B70C6A00 = {
			isa = PBXShellScriptBuildPhase;
			buildActionMask = 2147483647;
			files = (
			);
			inputPaths = (
			);
			outputPaths = (
			);
			runOnlyForDeploymentPostprocessing = 0;
			shellPath = /bin/sh;
			shellScript = "# shell script goes here
exit 0";
			showEnvVarsInLog = 0;
		};
		D31B66C51DD6432196E23F3F = {
			isa = PBXShellScriptBuildPhase;
			buildActionMask = 2147483647;
			files = (
			);
			inputPaths = (
			);
			outputPaths = (
			);
			runOnlyForDeploymentPostprocessing = 0;
			shellPath = /bin/sh;
			shellScript = "# shell script goes here
exit 0";
			showEnvVarsInLog = 0;
		};
/* End PBXShellScriptBuildPhase section */

/* Begin PBXSourcesBuildPhase section */
		A552ED85B6B54A11BB96B853 /* Sources */ = {
			isa = PBXSourcesBuildPhase;
			buildActionMask = 2147483647;
			files = (
				B2CB569CAF2A438D9052D77A /* /Users/apple/Desktop/PRALG/zipimage/example.cpp */,
			);
			runOnlyForDeploymentPostprocessing = 0;
		};
		C9D984D382E042E686DA3FAE /* Sources */ = {
			isa = PBXSourcesBuildPhase;
			buildActionMask = 2147483647;
			files = (
				7F7F55FC29524EFE86AE6115 /* /Users/apple/Desktop/PRALG/zipimage/quadtree/example.cpp */,
			);
			runOnlyForDeploymentPostprocessing = 0;
		};
/* End PBXSourcesBuildPhase section */

/* Begin PBXTargetDependency section */
		11D9773608F649E4B90C7755 /* PBXTargetDependency */ = {
			isa = PBXTargetDependency;
			target = FE7D78D6787F4F45B61ADC2F /* ZERO_CHECK */;
			targetProxy = 5EC51C07F48440FCB584E6E6 /* PBXContainerItemProxy */;
		};
		12B79DEDBAC84D53BC4C5B56 /* PBXTargetDependency */ = {
			isa = PBXTargetDependency;
			target = FE7D78D6787F4F45B61ADC2F /* ZERO_CHECK */;
			targetProxy = 28AA6170DC7445E9942AFCBF /* PBXContainerItemProxy */;
		};
		90D81CBFE47A46F3ABFCDD93 /* PBXTargetDependency */ = {
			isa = PBXTargetDependency;
			target = FE7D78D6787F4F45B61ADC2F /* ZERO_CHECK */;
			targetProxy = A8F974B9903C4F72A7256F76 /* PBXContainerItemProxy */;
		};
		E5C32B9ED5374BF9A6B6AC67 /* PBXTargetDependency */ = {
			isa = PBXTargetDependency;
			target = 53814EDE441E4E8DA2C502FF /* test_quadtree */;
			targetProxy = 57641E9231AC4D60865F5515 /* PBXContainerItemProxy */;
		};
		E5C631C2206648F5AA5948E8 /* PBXTargetDependency */ = {
			isa = PBXTargetDependency;
			target = C011A1F4EC6948C1AFFC479F /* zipimage */;
			targetProxy = 1DA20955BDCD490EAE83FF35 /* PBXContainerItemProxy */;
		};
/* End PBXTargetDependency section */

/* Begin XCBuildConfiguration section */
		0B4644AAD8624AEB9812EAF8 /* RelWithDebInfo */ = {
			isa = XCBuildConfiguration;
			buildSettings = {
				COMBINE_HIDPI_IMAGES = YES;
				GCC_GENERATE_DEBUGGING_SYMBOLS = YES;
				GCC_INLINES_ARE_PRIVATE_EXTERN = NO;
				GCC_OPTIMIZATION_LEVEL = 0;
				GCC_PREPROCESSOR_DEFINITIONS = ("'CMAKE_INTDIR=\"$(CONFIGURATION)$(EFFECTIVE_PLATFORM_NAME)\"'");
				GCC_SYMBOLS_PRIVATE_EXTERN = NO;
				INSTALL_PATH = "";
				OTHER_LDFLAGS = ("");
				OTHER_REZFLAGS = "";
				PRODUCT_NAME = ZERO_CHECK;
				SECTORDER_FLAGS = "";
				SYMROOT = /Users/apple/Desktop/PRALG/zipimage;
				USE_HEADERMAP = NO;
				WARNING_CFLAGS = ("$(inherited)");
			};
			name = RelWithDebInfo;
		};
		0CCDFDE406CF4D25BCEDD6FD /* Release */ = {
			isa = XCBuildConfiguration;
			buildSettings = {
				COMBINE_HIDPI_IMAGES = YES;
				GCC_GENERATE_DEBUGGING_SYMBOLS = YES;
				GCC_INLINES_ARE_PRIVATE_EXTERN = NO;
				GCC_OPTIMIZATION_LEVEL = 0;
				GCC_PREPROCESSOR_DEFINITIONS = ("'CMAKE_INTDIR=\"$(CONFIGURATION)$(EFFECTIVE_PLATFORM_NAME)\"'");
				GCC_SYMBOLS_PRIVATE_EXTERN = NO;
				INSTALL_PATH = "";
				OTHER_LDFLAGS = ("");
				OTHER_REZFLAGS = "";
				PRODUCT_NAME = ZERO_CHECK;
				SECTORDER_FLAGS = "";
				SYMROOT = /Users/apple/Desktop/PRALG/zipimage;
				USE_HEADERMAP = NO;
				WARNING_CFLAGS = ("$(inherited)");
			};
			name = Release;
		};
		2C22859E77834859BBB6DBF1 /* MinSizeRel */ = {
			isa = XCBuildConfiguration;
			buildSettings = {
				ARCHS = "$(NATIVE_ARCH_ACTUAL)";
				ONLY_ACTIVE_ARCH = YES;
				SDKROOT = /Applications/Xcode.app/Contents/Developer/Platforms/MacOSX.platform/Developer/SDKs/MacOSX10.15.sdk;
				SYMROOT = /Users/apple/Desktop/PRALG/zipimage/build;
			};
			name = MinSizeRel;
		};
		313E2AAC952A40F3AF908356 /* Debug */ = {
			isa = XCBuildConfiguration;
			buildSettings = {
				COMBINE_HIDPI_IMAGES = YES;
				EXECUTABLE_PREFIX = "";
				EXECUTABLE_SUFFIX = "";
				FRAMEWORK_SEARCH_PATHS = (/Applications/Xcode.app/Contents/Developer/Platforms/MacOSX.platform/Developer/SDKs/MacOSX10.15.sdk/System/Library/Frameworks,/Users/apple/Qt/5.12.9/clang_64/lib);
				GCC_GENERATE_DEBUGGING_SYMBOLS = YES;
				GCC_INLINES_ARE_PRIVATE_EXTERN = NO;
				GCC_OPTIMIZATION_LEVEL = 0;
				GCC_PREPROCESSOR_DEFINITIONS = ("'CMAKE_INTDIR=\"$(CONFIGURATION)$(EFFECTIVE_PLATFORM_NAME)\"'",QT_CORE_LIB,QT_WIDGETS_LIB,QT_GUI_LIB,QT_OPENGL_LIB);
				GCC_SYMBOLS_PRIVATE_EXTERN = NO;
				HEADER_SEARCH_PATHS = (/Library/Frameworks/Imagine.framework/Versions/Current/Resources/include);
				INSTALL_PATH = "";
				LD_RUNPATH_SEARCH_PATHS = /Users/apple/Qt/5.12.9/clang_64/lib;
				LIBRARY_SEARCH_PATHS = ();
				OTHER_CPLUSPLUSFLAGS = "   -DSRCDIR=\"/Users/apple/Desktop/PRALG/zipimage\" -fPIC '-std=gnu++11' ";
				OTHER_LDFLAGS = ("-L\"/Library/Frameworks/Imagine.framework/Versions/Current/Resources/lib\" -Wl,-search_paths_first -Wl,-headerpad_max_install_names","-lImagineGraphics","-F /Users/apple/Qt/5.12.9/clang_64/lib","-framework QtOpenGL","-F /Applications/Xcode.app/Contents/Developer/Platforms/MacOSX.platform/Developer/SDKs/MacOSX10.15.sdk/System/Library/Frameworks","-framework OpenGL","-F /Applications/Xcode.app/Contents/Developer/Platforms/MacOSX.platform/Developer/SDKs/MacOSX10.15.sdk/System/Library/Frameworks","-framework OpenGL","-F /Users/apple/Qt/5.12.9/clang_64/lib","-framework QtWidgets","-F /Users/apple/Qt/5.12.9/clang_64/lib","-framework QtGui","-F /Users/apple/Qt/5.12.9/clang_64/lib","-framework QtCore");
				OTHER_REZFLAGS = "";
				PRODUCT_NAME = zipimage;
				SECTORDER_FLAGS = "";
				SYMROOT = /Users/apple/Desktop/PRALG/zipimage;
				SYSTEM_HEADER_SEARCH_PATHS = (/Users/apple/Qt/5.12.9/clang_64/lib/QtCore.framework/Headers,"/Users/apple/Qt/5.12.9/clang_64/./mkspecs/macx-clang",/Users/apple/Qt/5.12.9/clang_64/lib/QtWidgets.framework/Headers,/Users/apple/Qt/5.12.9/clang_64/lib/QtGui.framework/Headers,/Applications/Xcode.app/Contents/Developer/Platforms/MacOSX.platform/Developer/SDKs/MacOSX10.15.sdk/System/Library/Frameworks/OpenGL.framework/Headers,/Users/apple/Qt/5.12.9/clang_64/lib/QtOpenGL.framework/Headers);
				USE_HEADERMAP = NO;
				WARNING_CFLAGS = ("$(inherited)");
			};
			name = Debug;
		};
		3510C98496D54C30B5093B14 /* Debug */ = {
			isa = XCBuildConfiguration;
			buildSettings = {
				COMBINE_HIDPI_IMAGES = YES;
				GCC_GENERATE_DEBUGGING_SYMBOLS = YES;
				GCC_INLINES_ARE_PRIVATE_EXTERN = NO;
				GCC_OPTIMIZATION_LEVEL = 0;
				GCC_PREPROCESSOR_DEFINITIONS = ("'CMAKE_INTDIR=\"$(CONFIGURATION)$(EFFECTIVE_PLATFORM_NAME)\"'");
				GCC_SYMBOLS_PRIVATE_EXTERN = NO;
				INSTALL_PATH = "";
				OTHER_LDFLAGS = ("");
				OTHER_REZFLAGS = "";
				PRODUCT_NAME = ZERO_CHECK;
				SECTORDER_FLAGS = "";
				SYMROOT = /Users/apple/Desktop/PRALG/zipimage;
				USE_HEADERMAP = NO;
				WARNING_CFLAGS = ("$(inherited)");
			};
			name = Debug;
		};
		447613AA844640D597985043 /* Debug */ = {
			isa = XCBuildConfiguration;
			buildSettings = {
				ARCHS = "$(NATIVE_ARCH_ACTUAL)";
				ONLY_ACTIVE_ARCH = YES;
				SDKROOT = /Applications/Xcode.app/Contents/Developer/Platforms/MacOSX.platform/Developer/SDKs/MacOSX10.15.sdk;
				SYMROOT = /Users/apple/Desktop/PRALG/zipimage/build;
			};
			name = Debug;
		};
		53EBC5BE533D4A37BA1D6C7C /* Debug */ = {
			isa = XCBuildConfiguration;
			buildSettings = {
				COMBINE_HIDPI_IMAGES = YES;
				EXECUTABLE_PREFIX = "";
				EXECUTABLE_SUFFIX = "";
				FRAMEWORK_SEARCH_PATHS = (/Users/apple/Qt/5.12.9/clang_64/lib,/Applications/Xcode.app/Contents/Developer/Platforms/MacOSX.platform/Developer/SDKs/MacOSX10.15.sdk/System/Library/Frameworks);
				GCC_GENERATE_DEBUGGING_SYMBOLS = YES;
				GCC_INLINES_ARE_PRIVATE_EXTERN = NO;
				GCC_OPTIMIZATION_LEVEL = 0;
				GCC_PREPROCESSOR_DEFINITIONS = ("'CMAKE_INTDIR=\"$(CONFIGURATION)$(EFFECTIVE_PLATFORM_NAME)\"'");
				GCC_SYMBOLS_PRIVATE_EXTERN = NO;
				HEADER_SEARCH_PATHS = (/Library/Frameworks/Imagine.framework/Versions/Current/Resources/include,/Users/apple/Qt/5.12.9/clang_64/lib/QtCore.framework/Headers,"/Users/apple/Qt/5.12.9/clang_64/./mkspecs/macx-clang",/Users/apple/Qt/5.12.9/clang_64/lib/QtWidgets.framework/Headers,/Users/apple/Qt/5.12.9/clang_64/lib/QtGui.framework/Headers,/Applications/Xcode.app/Contents/Developer/Platforms/MacOSX.platform/Developer/SDKs/MacOSX10.15.sdk/System/Library/Frameworks/OpenGL.framework/Headers,/Users/apple/Qt/5.12.9/clang_64/lib/QtOpenGL.framework/Headers);
				INSTALL_PATH = "";
				LIBRARY_SEARCH_PATHS = ();
				OTHER_CPLUSPLUSFLAGS = "   ";
				OTHER_LDFLAGS = (" -Wl,-search_paths_first -Wl,-headerpad_max_install_names");
				OTHER_REZFLAGS = "";
				PRODUCT_NAME = test_quadtree;
				SECTORDER_FLAGS = "";
				SYMROOT = /Users/apple/Desktop/PRALG/zipimage;
				USE_HEADERMAP = NO;
				WARNING_CFLAGS = ("$(inherited)");
			};
			name = Debug;
		};
		777DEB660AF24CCD8F2A1ED8 /* MinSizeRel */ = {
			isa = XCBuildConfiguration;
			buildSettings = {
				COMBINE_HIDPI_IMAGES = YES;
				EXECUTABLE_PREFIX = "";
				EXECUTABLE_SUFFIX = "";
				FRAMEWORK_SEARCH_PATHS = (/Users/apple/Qt/5.12.9/clang_64/lib,/Applications/Xcode.app/Contents/Developer/Platforms/MacOSX.platform/Developer/SDKs/MacOSX10.15.sdk/System/Library/Frameworks);
				GCC_GENERATE_DEBUGGING_SYMBOLS = NO;
				GCC_INLINES_ARE_PRIVATE_EXTERN = NO;
				GCC_OPTIMIZATION_LEVEL = s;
				GCC_PREPROCESSOR_DEFINITIONS = ("'CMAKE_INTDIR=\"$(CONFIGURATION)$(EFFECTIVE_PLATFORM_NAME)\"'");
				GCC_SYMBOLS_PRIVATE_EXTERN = NO;
				HEADER_SEARCH_PATHS = (/Library/Frameworks/Imagine.framework/Versions/Current/Resources/include,/Users/apple/Qt/5.12.9/clang_64/lib/QtCore.framework/Headers,"/Users/apple/Qt/5.12.9/clang_64/./mkspecs/macx-clang",/Users/apple/Qt/5.12.9/clang_64/lib/QtWidgets.framework/Headers,/Users/apple/Qt/5.12.9/clang_64/lib/QtGui.framework/Headers,/Applications/Xcode.app/Contents/Developer/Platforms/MacOSX.platform/Developer/SDKs/MacOSX10.15.sdk/System/Library/Frameworks/OpenGL.framework/Headers,/Users/apple/Qt/5.12.9/clang_64/lib/QtOpenGL.framework/Headers);
				INSTALL_PATH = "";
				LIBRARY_SEARCH_PATHS = ();
				OTHER_CPLUSPLUSFLAGS = "    -DNDEBUG ";
				OTHER_LDFLAGS = (" -Wl,-search_paths_first -Wl,-headerpad_max_install_names");
				OTHER_REZFLAGS = "";
				PRODUCT_NAME = test_quadtree;
				SECTORDER_FLAGS = "";
				SYMROOT = /Users/apple/Desktop/PRALG/zipimage;
				USE_HEADERMAP = NO;
				WARNING_CFLAGS = ("$(inherited)");
			};
			name = MinSizeRel;
		};
		78AE03941E154496BC3BE8FF /* RelWithDebInfo */ = {
			isa = XCBuildConfiguration;
			buildSettings = {
				ARCHS = "$(NATIVE_ARCH_ACTUAL)";
				ONLY_ACTIVE_ARCH = YES;
				SDKROOT = /Applications/Xcode.app/Contents/Developer/Platforms/MacOSX.platform/Developer/SDKs/MacOSX10.15.sdk;
				SYMROOT = /Users/apple/Desktop/PRALG/zipimage/build;
			};
			name = RelWithDebInfo;
		};
		7CD53D0A85AE4227A516AB50 /* MinSizeRel */ = {
			isa = XCBuildConfiguration;
			buildSettings = {
				COMBINE_HIDPI_IMAGES = YES;
				GCC_GENERATE_DEBUGGING_SYMBOLS = YES;
				GCC_INLINES_ARE_PRIVATE_EXTERN = NO;
				GCC_OPTIMIZATION_LEVEL = 0;
				GCC_PREPROCESSOR_DEFINITIONS = ("'CMAKE_INTDIR=\"$(CONFIGURATION)$(EFFECTIVE_PLATFORM_NAME)\"'");
				GCC_SYMBOLS_PRIVATE_EXTERN = NO;
				INSTALL_PATH = "";
				OTHER_LDFLAGS = ("");
				OTHER_REZFLAGS = "";
				PRODUCT_NAME = ALL_BUILD;
				SECTORDER_FLAGS = "";
				SYMROOT = /Users/apple/Desktop/PRALG/zipimage;
				USE_HEADERMAP = NO;
				WARNING_CFLAGS = ("$(inherited)");
			};
			name = MinSizeRel;
		};
		8C5F5C24192B4690B1860B65 /* Release */ = {
			isa = XCBuildConfiguration;
			buildSettings = {
				COMBINE_HIDPI_IMAGES = YES;
				GCC_GENERATE_DEBUGGING_SYMBOLS = YES;
				GCC_INLINES_ARE_PRIVATE_EXTERN = NO;
				GCC_OPTIMIZATION_LEVEL = 0;
				GCC_PREPROCESSOR_DEFINITIONS = ("'CMAKE_INTDIR=\"$(CONFIGURATION)$(EFFECTIVE_PLATFORM_NAME)\"'");
				GCC_SYMBOLS_PRIVATE_EXTERN = NO;
				INSTALL_PATH = "";
				OTHER_LDFLAGS = ("");
				OTHER_REZFLAGS = "";
				PRODUCT_NAME = ALL_BUILD;
				SECTORDER_FLAGS = "";
				SYMROOT = /Users/apple/Desktop/PRALG/zipimage;
				USE_HEADERMAP = NO;
				WARNING_CFLAGS = ("$(inherited)");
			};
			name = Release;
		};
		8F9F303FE88947C6A8638B3E /* MinSizeRel */ = {
			isa = XCBuildConfiguration;
			buildSettings = {
				COMBINE_HIDPI_IMAGES = YES;
				GCC_GENERATE_DEBUGGING_SYMBOLS = YES;
				GCC_INLINES_ARE_PRIVATE_EXTERN = NO;
				GCC_OPTIMIZATION_LEVEL = 0;
				GCC_PREPROCESSOR_DEFINITIONS = ("'CMAKE_INTDIR=\"$(CONFIGURATION)$(EFFECTIVE_PLATFORM_NAME)\"'");
				GCC_SYMBOLS_PRIVATE_EXTERN = NO;
				INSTALL_PATH = "";
				OTHER_LDFLAGS = ("");
				OTHER_REZFLAGS = "";
				PRODUCT_NAME = ZERO_CHECK;
				SECTORDER_FLAGS = "";
				SYMROOT = /Users/apple/Desktop/PRALG/zipimage;
				USE_HEADERMAP = NO;
				WARNING_CFLAGS = ("$(inherited)");
			};
			name = MinSizeRel;
		};
		BB12498B4A7244D086568B1B /* MinSizeRel */ = {
			isa = XCBuildConfiguration;
			buildSettings = {
				COMBINE_HIDPI_IMAGES = YES;
				EXECUTABLE_PREFIX = "";
				EXECUTABLE_SUFFIX = "";
				FRAMEWORK_SEARCH_PATHS = (/Applications/Xcode.app/Contents/Developer/Platforms/MacOSX.platform/Developer/SDKs/MacOSX10.15.sdk/System/Library/Frameworks,/Users/apple/Qt/5.12.9/clang_64/lib);
				GCC_GENERATE_DEBUGGING_SYMBOLS = NO;
				GCC_INLINES_ARE_PRIVATE_EXTERN = NO;
				GCC_OPTIMIZATION_LEVEL = s;
				GCC_PREPROCESSOR_DEFINITIONS = ("'CMAKE_INTDIR=\"$(CONFIGURATION)$(EFFECTIVE_PLATFORM_NAME)\"'",QT_CORE_LIB,QT_NO_DEBUG,QT_WIDGETS_LIB,QT_GUI_LIB,QT_OPENGL_LIB);
				GCC_SYMBOLS_PRIVATE_EXTERN = NO;
				HEADER_SEARCH_PATHS = (/Library/Frameworks/Imagine.framework/Versions/Current/Resources/include);
				INSTALL_PATH = "";
				LD_RUNPATH_SEARCH_PATHS = /Users/apple/Qt/5.12.9/clang_64/lib;
				LIBRARY_SEARCH_PATHS = ();
				OTHER_CPLUSPLUSFLAGS = "    -DNDEBUG -DSRCDIR=\"/Users/apple/Desktop/PRALG/zipimage\" -fPIC '-std=gnu++11' ";
				OTHER_LDFLAGS = ("-L\"/Library/Frameworks/Imagine.framework/Versions/Current/Resources/lib\" -Wl,-search_paths_first -Wl,-headerpad_max_install_names","-lImagineGraphics","-F /Users/apple/Qt/5.12.9/clang_64/lib","-framework QtOpenGL","-F /Applications/Xcode.app/Contents/Developer/Platforms/MacOSX.platform/Developer/SDKs/MacOSX10.15.sdk/System/Library/Frameworks","-framework OpenGL","-F /Applications/Xcode.app/Contents/Developer/Platforms/MacOSX.platform/Developer/SDKs/MacOSX10.15.sdk/System/Library/Frameworks","-framework OpenGL","-F /Users/apple/Qt/5.12.9/clang_64/lib","-framework QtWidgets","-F /Users/apple/Qt/5.12.9/clang_64/lib","-framework QtGui","-F /Users/apple/Qt/5.12.9/clang_64/lib","-framework QtCore");
				OTHER_REZFLAGS = "";
				PRODUCT_NAME = zipimage;
				SECTORDER_FLAGS = "";
				SYMROOT = /Users/apple/Desktop/PRALG/zipimage;
				SYSTEM_HEADER_SEARCH_PATHS = (/Users/apple/Qt/5.12.9/clang_64/lib/QtCore.framework/Headers,"/Users/apple/Qt/5.12.9/clang_64/./mkspecs/macx-clang",/Users/apple/Qt/5.12.9/clang_64/lib/QtWidgets.framework/Headers,/Users/apple/Qt/5.12.9/clang_64/lib/QtGui.framework/Headers,/Applications/Xcode.app/Contents/Developer/Platforms/MacOSX.platform/Developer/SDKs/MacOSX10.15.sdk/System/Library/Frameworks/OpenGL.framework/Headers,/Users/apple/Qt/5.12.9/clang_64/lib/QtOpenGL.framework/Headers);
				USE_HEADERMAP = NO;
				WARNING_CFLAGS = ("$(inherited)");
			};
			name = MinSizeRel;
		};
		BFC674EE15D14467B1B1765C /* Release */ = {
			isa = XCBuildConfiguration;
			buildSettings = {
				COMBINE_HIDPI_IMAGES = YES;
				EXECUTABLE_PREFIX = "";
				EXECUTABLE_SUFFIX = "";
				FRAMEWORK_SEARCH_PATHS = (/Applications/Xcode.app/Contents/Developer/Platforms/MacOSX.platform/Developer/SDKs/MacOSX10.15.sdk/System/Library/Frameworks,/Users/apple/Qt/5.12.9/clang_64/lib);
				GCC_GENERATE_DEBUGGING_SYMBOLS = NO;
				GCC_INLINES_ARE_PRIVATE_EXTERN = NO;
				GCC_OPTIMIZATION_LEVEL = 3;
				GCC_PREPROCESSOR_DEFINITIONS = ("'CMAKE_INTDIR=\"$(CONFIGURATION)$(EFFECTIVE_PLATFORM_NAME)\"'",QT_CORE_LIB,QT_NO_DEBUG,QT_WIDGETS_LIB,QT_GUI_LIB,QT_OPENGL_LIB);
				GCC_SYMBOLS_PRIVATE_EXTERN = NO;
				HEADER_SEARCH_PATHS = (/Library/Frameworks/Imagine.framework/Versions/Current/Resources/include);
				INSTALL_PATH = "";
				LD_RUNPATH_SEARCH_PATHS = /Users/apple/Qt/5.12.9/clang_64/lib;
				LIBRARY_SEARCH_PATHS = ();
				OTHER_CPLUSPLUSFLAGS = "    -DNDEBUG -DSRCDIR=\"/Users/apple/Desktop/PRALG/zipimage\" -fPIC '-std=gnu++11' ";
				OTHER_LDFLAGS = ("-L\"/Library/Frameworks/Imagine.framework/Versions/Current/Resources/lib\" -Wl,-search_paths_first -Wl,-headerpad_max_install_names","-lImagineGraphics","-F /Users/apple/Qt/5.12.9/clang_64/lib","-framework QtOpenGL","-F /Applications/Xcode.app/Contents/Developer/Platforms/MacOSX.platform/Developer/SDKs/MacOSX10.15.sdk/System/Library/Frameworks","-framework OpenGL","-F /Applications/Xcode.app/Contents/Developer/Platforms/MacOSX.platform/Developer/SDKs/MacOSX10.15.sdk/System/Library/Frameworks","-framework OpenGL","-F /Users/apple/Qt/5.12.9/clang_64/lib","-framework QtWidgets","-F /Users/apple/Qt/5.12.9/clang_64/lib","-framework QtGui","-F /Users/apple/Qt/5.12.9/clang_64/lib","-framework QtCore");
				OTHER_REZFLAGS = "";
				PRODUCT_NAME = zipimage;
				SECTORDER_FLAGS = "";
				SYMROOT = /Users/apple/Desktop/PRALG/zipimage;
				SYSTEM_HEADER_SEARCH_PATHS = (/Users/apple/Qt/5.12.9/clang_64/lib/QtCore.framework/Headers,"/Users/apple/Qt/5.12.9/clang_64/./mkspecs/macx-clang",/Users/apple/Qt/5.12.9/clang_64/lib/QtWidgets.framework/Headers,/Users/apple/Qt/5.12.9/clang_64/lib/QtGui.framework/Headers,/Applications/Xcode.app/Contents/Developer/Platforms/MacOSX.platform/Developer/SDKs/MacOSX10.15.sdk/System/Library/Frameworks/OpenGL.framework/Headers,/Users/apple/Qt/5.12.9/clang_64/lib/QtOpenGL.framework/Headers);
				USE_HEADERMAP = NO;
				WARNING_CFLAGS = ("$(inherited)");
			};
			name = Release;
		};
		C5BFA656A5094B0E84EE91B1 /* Release */ = {
			isa = XCBuildConfiguration;
			buildSettings = {
				COMBINE_HIDPI_IMAGES = YES;
				EXECUTABLE_PREFIX = "";
				EXECUTABLE_SUFFIX = "";
				FRAMEWORK_SEARCH_PATHS = (/Users/apple/Qt/5.12.9/clang_64/lib,/Applications/Xcode.app/Contents/Developer/Platforms/MacOSX.platform/Developer/SDKs/MacOSX10.15.sdk/System/Library/Frameworks);
				GCC_GENERATE_DEBUGGING_SYMBOLS = NO;
				GCC_INLINES_ARE_PRIVATE_EXTERN = NO;
				GCC_OPTIMIZATION_LEVEL = 3;
				GCC_PREPROCESSOR_DEFINITIONS = ("'CMAKE_INTDIR=\"$(CONFIGURATION)$(EFFECTIVE_PLATFORM_NAME)\"'");
				GCC_SYMBOLS_PRIVATE_EXTERN = NO;
				HEADER_SEARCH_PATHS = (/Library/Frameworks/Imagine.framework/Versions/Current/Resources/include,/Users/apple/Qt/5.12.9/clang_64/lib/QtCore.framework/Headers,"/Users/apple/Qt/5.12.9/clang_64/./mkspecs/macx-clang",/Users/apple/Qt/5.12.9/clang_64/lib/QtWidgets.framework/Headers,/Users/apple/Qt/5.12.9/clang_64/lib/QtGui.framework/Headers,/Applications/Xcode.app/Contents/Developer/Platforms/MacOSX.platform/Developer/SDKs/MacOSX10.15.sdk/System/Library/Frameworks/OpenGL.framework/Headers,/Users/apple/Qt/5.12.9/clang_64/lib/QtOpenGL.framework/Headers);
				INSTALL_PATH = "";
				LIBRARY_SEARCH_PATHS = ();
				OTHER_CPLUSPLUSFLAGS = "    -DNDEBUG ";
				OTHER_LDFLAGS = (" -Wl,-search_paths_first -Wl,-headerpad_max_install_names");
				OTHER_REZFLAGS = "";
				PRODUCT_NAME = test_quadtree;
				SECTORDER_FLAGS = "";
				SYMROOT = /Users/apple/Desktop/PRALG/zipimage;
				USE_HEADERMAP = NO;
				WARNING_CFLAGS = ("$(inherited)");
			};
			name = Release;
		};
		D10AF01910B548FEA087F510 /* RelWithDebInfo */ = {
			isa = XCBuildConfiguration;
			buildSettings = {
				COMBINE_HIDPI_IMAGES = YES;
				EXECUTABLE_PREFIX = "";
				EXECUTABLE_SUFFIX = "";
				FRAMEWORK_SEARCH_PATHS = (/Applications/Xcode.app/Contents/Developer/Platforms/MacOSX.platform/Developer/SDKs/MacOSX10.15.sdk/System/Library/Frameworks,/Users/apple/Qt/5.12.9/clang_64/lib);
				GCC_GENERATE_DEBUGGING_SYMBOLS = YES;
				GCC_INLINES_ARE_PRIVATE_EXTERN = NO;
				GCC_OPTIMIZATION_LEVEL = 2;
				GCC_PREPROCESSOR_DEFINITIONS = ("'CMAKE_INTDIR=\"$(CONFIGURATION)$(EFFECTIVE_PLATFORM_NAME)\"'",QT_CORE_LIB,QT_NO_DEBUG,QT_WIDGETS_LIB,QT_GUI_LIB,QT_OPENGL_LIB);
				GCC_SYMBOLS_PRIVATE_EXTERN = NO;
				HEADER_SEARCH_PATHS = (/Library/Frameworks/Imagine.framework/Versions/Current/Resources/include);
				INSTALL_PATH = "";
				LD_RUNPATH_SEARCH_PATHS = /Users/apple/Qt/5.12.9/clang_64/lib;
				LIBRARY_SEARCH_PATHS = ();
				OTHER_CPLUSPLUSFLAGS = "       -DNDEBUG -DSRCDIR=\"/Users/apple/Desktop/PRALG/zipimage\" -fPIC '-std=gnu++11' ";
				OTHER_LDFLAGS = ("-L\"/Library/Frameworks/Imagine.framework/Versions/Current/Resources/lib\" -Wl,-search_paths_first -Wl,-headerpad_max_install_names","-lImagineGraphics","-F /Users/apple/Qt/5.12.9/clang_64/lib","-framework QtOpenGL","-F /Applications/Xcode.app/Contents/Developer/Platforms/MacOSX.platform/Developer/SDKs/MacOSX10.15.sdk/System/Library/Frameworks","-framework OpenGL","-F /Applications/Xcode.app/Contents/Developer/Platforms/MacOSX.platform/Developer/SDKs/MacOSX10.15.sdk/System/Library/Frameworks","-framework OpenGL","-F /Users/apple/Qt/5.12.9/clang_64/lib","-framework QtWidgets","-F /Users/apple/Qt/5.12.9/clang_64/lib","-framework QtGui","-F /Users/apple/Qt/5.12.9/clang_64/lib","-framework QtCore");
				OTHER_REZFLAGS = "";
				PRODUCT_NAME = zipimage;
				SECTORDER_FLAGS = "";
				SYMROOT = /Users/apple/Desktop/PRALG/zipimage;
				SYSTEM_HEADER_SEARCH_PATHS = (/Users/apple/Qt/5.12.9/clang_64/lib/QtCore.framework/Headers,"/Users/apple/Qt/5.12.9/clang_64/./mkspecs/macx-clang",/Users/apple/Qt/5.12.9/clang_64/lib/QtWidgets.framework/Headers,/Users/apple/Qt/5.12.9/clang_64/lib/QtGui.framework/Headers,/Applications/Xcode.app/Contents/Developer/Platforms/MacOSX.platform/Developer/SDKs/MacOSX10.15.sdk/System/Library/Frameworks/OpenGL.framework/Headers,/Users/apple/Qt/5.12.9/clang_64/lib/QtOpenGL.framework/Headers);
				USE_HEADERMAP = NO;
				WARNING_CFLAGS = ("$(inherited)");
			};
			name = RelWithDebInfo;
		};
		D70424ED0E60474DAE678167 /* Release */ = {
			isa = XCBuildConfiguration;
			buildSettings = {
				ARCHS = "$(NATIVE_ARCH_ACTUAL)";
				ONLY_ACTIVE_ARCH = YES;
				SDKROOT = /Applications/Xcode.app/Contents/Developer/Platforms/MacOSX.platform/Developer/SDKs/MacOSX10.15.sdk;
				SYMROOT = /Users/apple/Desktop/PRALG/zipimage/build;
			};
			name = Release;
		};
		D8040FBCFD8949889E8435A5 /* RelWithDebInfo */ = {
			isa = XCBuildConfiguration;
			buildSettings = {
				COMBINE_HIDPI_IMAGES = YES;
				GCC_GENERATE_DEBUGGING_SYMBOLS = YES;
				GCC_INLINES_ARE_PRIVATE_EXTERN = NO;
				GCC_OPTIMIZATION_LEVEL = 0;
				GCC_PREPROCESSOR_DEFINITIONS = ("'CMAKE_INTDIR=\"$(CONFIGURATION)$(EFFECTIVE_PLATFORM_NAME)\"'");
				GCC_SYMBOLS_PRIVATE_EXTERN = NO;
				INSTALL_PATH = "";
				OTHER_LDFLAGS = ("");
				OTHER_REZFLAGS = "";
				PRODUCT_NAME = ALL_BUILD;
				SECTORDER_FLAGS = "";
				SYMROOT = /Users/apple/Desktop/PRALG/zipimage;
				USE_HEADERMAP = NO;
				WARNING_CFLAGS = ("$(inherited)");
			};
			name = RelWithDebInfo;
		};
		DD7928FFA63347BA966D91EE /* RelWithDebInfo */ = {
			isa = XCBuildConfiguration;
			buildSettings = {
				COMBINE_HIDPI_IMAGES = YES;
				EXECUTABLE_PREFIX = "";
				EXECUTABLE_SUFFIX = "";
				FRAMEWORK_SEARCH_PATHS = (/Users/apple/Qt/5.12.9/clang_64/lib,/Applications/Xcode.app/Contents/Developer/Platforms/MacOSX.platform/Developer/SDKs/MacOSX10.15.sdk/System/Library/Frameworks);
				GCC_GENERATE_DEBUGGING_SYMBOLS = YES;
				GCC_INLINES_ARE_PRIVATE_EXTERN = NO;
				GCC_OPTIMIZATION_LEVEL = 2;
				GCC_PREPROCESSOR_DEFINITIONS = ("'CMAKE_INTDIR=\"$(CONFIGURATION)$(EFFECTIVE_PLATFORM_NAME)\"'");
				GCC_SYMBOLS_PRIVATE_EXTERN = NO;
				HEADER_SEARCH_PATHS = (/Library/Frameworks/Imagine.framework/Versions/Current/Resources/include,/Users/apple/Qt/5.12.9/clang_64/lib/QtCore.framework/Headers,"/Users/apple/Qt/5.12.9/clang_64/./mkspecs/macx-clang",/Users/apple/Qt/5.12.9/clang_64/lib/QtWidgets.framework/Headers,/Users/apple/Qt/5.12.9/clang_64/lib/QtGui.framework/Headers,/Applications/Xcode.app/Contents/Developer/Platforms/MacOSX.platform/Developer/SDKs/MacOSX10.15.sdk/System/Library/Frameworks/OpenGL.framework/Headers,/Users/apple/Qt/5.12.9/clang_64/lib/QtOpenGL.framework/Headers);
				INSTALL_PATH = "";
				LIBRARY_SEARCH_PATHS = ();
				OTHER_CPLUSPLUSFLAGS = "       -DNDEBUG ";
				OTHER_LDFLAGS = (" -Wl,-search_paths_first -Wl,-headerpad_max_install_names");
				OTHER_REZFLAGS = "";
				PRODUCT_NAME = test_quadtree;
				SECTORDER_FLAGS = "";
				SYMROOT = /Users/apple/Desktop/PRALG/zipimage;
				USE_HEADERMAP = NO;
				WARNING_CFLAGS = ("$(inherited)");
			};
			name = RelWithDebInfo;
		};
		E9FB3756943C4073A785130E /* Debug */ = {
			isa = XCBuildConfiguration;
			buildSettings = {
				COMBINE_HIDPI_IMAGES = YES;
				GCC_GENERATE_DEBUGGING_SYMBOLS = YES;
				GCC_INLINES_ARE_PRIVATE_EXTERN = NO;
				GCC_OPTIMIZATION_LEVEL = 0;
				GCC_PREPROCESSOR_DEFINITIONS = ("'CMAKE_INTDIR=\"$(CONFIGURATION)$(EFFECTIVE_PLATFORM_NAME)\"'");
				GCC_SYMBOLS_PRIVATE_EXTERN = NO;
				INSTALL_PATH = "";
				OTHER_LDFLAGS = ("");
				OTHER_REZFLAGS = "";
				PRODUCT_NAME = ALL_BUILD;
				SECTORDER_FLAGS = "";
				SYMROOT = /Users/apple/Desktop/PRALG/zipimage;
				USE_HEADERMAP = NO;
				WARNING_CFLAGS = ("$(inherited)");
			};
			name = Debug;
		};
/* End XCBuildConfiguration section */

/* Begin XCConfigurationList section */
		23AD997A519846878254752E /* Build configuration list for PBXNativeTarget "test_quadtree" */ = {
			isa = XCConfigurationList;
			buildConfigurations = (
				53EBC5BE533D4A37BA1D6C7C /* Debug */,
				C5BFA656A5094B0E84EE91B1 /* Release */,
				777DEB660AF24CCD8F2A1ED8 /* MinSizeRel */,
				DD7928FFA63347BA966D91EE /* RelWithDebInfo */,
			);
			defaultConfigurationIsVisible = 0;
			defaultConfigurationName = Debug;
		};
		4C5A53A1309444368ABAE5D7 /* Build configuration list for PBXNativeTarget "zipimage" */ = {
			isa = XCConfigurationList;
			buildConfigurations = (
				313E2AAC952A40F3AF908356 /* Debug */,
				BFC674EE15D14467B1B1765C /* Release */,
				BB12498B4A7244D086568B1B /* MinSizeRel */,
				D10AF01910B548FEA087F510 /* RelWithDebInfo */,
			);
			defaultConfigurationIsVisible = 0;
			defaultConfigurationName = Debug;
		};
		7179087B7CDB4C198EF8EF07 /* Build configuration list for PBXAggregateTarget "ALL_BUILD" */ = {
			isa = XCConfigurationList;
			buildConfigurations = (
				E9FB3756943C4073A785130E /* Debug */,
				8C5F5C24192B4690B1860B65 /* Release */,
				7CD53D0A85AE4227A516AB50 /* MinSizeRel */,
				D8040FBCFD8949889E8435A5 /* RelWithDebInfo */,
			);
			defaultConfigurationIsVisible = 0;
			defaultConfigurationName = Debug;
		};
		7E9928F7FE794AB78CD1016F /* Build configuration list for PBXAggregateTarget "ZERO_CHECK" */ = {
			isa = XCConfigurationList;
			buildConfigurations = (
				3510C98496D54C30B5093B14 /* Debug */,
				0CCDFDE406CF4D25BCEDD6FD /* Release */,
				8F9F303FE88947C6A8638B3E /* MinSizeRel */,
				0B4644AAD8624AEB9812EAF8 /* RelWithDebInfo */,
			);
			defaultConfigurationIsVisible = 0;
			defaultConfigurationName = Debug;
		};
		DC886C63A58947DFB9067160 /* Build configuration list for PBXProject "ZipImage" */ = {
			isa = XCConfigurationList;
			buildConfigurations = (
				447613AA844640D597985043 /* Debug */,
				D70424ED0E60474DAE678167 /* Release */,
				2C22859E77834859BBB6DBF1 /* MinSizeRel */,
				78AE03941E154496BC3BE8FF /* RelWithDebInfo */,
			);
			defaultConfigurationIsVisible = 0;
			defaultConfigurationName = Debug;
		};
/* End XCConfigurationList section */
	};
	rootObject = 5F908CBDF8D24058A62A3B76 /* Project object */;
}
